// !$*UTF8*$!
{
	archiveVersion = 1;
	classes = {
	};
	objectVersion = 46;
	objects = {

/* Begin PBXBuildFile section */
		B3025B3216D50A8300143DB3 /* Abitare Solidale 4-2-big.png in Resources */ = {isa = PBXBuildFile; fileRef = B3025B3016D50A8300143DB3 /* Abitare Solidale 4-2-big.png */; };
		B3025B3316D50A8300143DB3 /* Ammerud4-2-big.png in Resources */ = {isa = PBXBuildFile; fileRef = B3025B3116D50A8300143DB3 /* Ammerud4-2-big.png */; };
		B3025B4816D5118800143DB3 /* vitality2a-2-big.png in Resources */ = {isa = PBXBuildFile; fileRef = B3025B3416D5118800143DB3 /* vitality2a-2-big.png */; };
		B3025B4916D5118800143DB3 /* KYOH telehealth-1-big.png in Resources */ = {isa = PBXBuildFile; fileRef = B3025B3516D5118800143DB3 /* KYOH telehealth-1-big.png */; };
		B3025B4A16D5118800143DB3 /* Seclin-new3-big.png in Resources */ = {isa = PBXBuildFile; fileRef = B3025B3616D5118800143DB3 /* Seclin-new3-big.png */; };
		B3025B4B16D5118800143DB3 /* res-leg-1-big.png in Resources */ = {isa = PBXBuildFile; fileRef = B3025B3716D5118800143DB3 /* res-leg-1-big.png */; };
		B3025B4C16D5118800143DB3 /* Real Pearl1-2-big.png in Resources */ = {isa = PBXBuildFile; fileRef = B3025B3816D5118800143DB3 /* Real Pearl1-2-big.png */; };
		B3025B4D16D5118800143DB3 /* placedebleu3a-2-big.png in Resources */ = {isa = PBXBuildFile; fileRef = B3025B3916D5118800143DB3 /* placedebleu3a-2-big.png */; };
		B3025B4E16D5118800143DB3 /* Nueva1d-2-big.png in Resources */ = {isa = PBXBuildFile; fileRef = B3025B3A16D5118800143DB3 /* Nueva1d-2-big.png */; };
		B3025B4F16D5118800143DB3 /* Mom'P1-2-big.png in Resources */ = {isa = PBXBuildFile; fileRef = B3025B3B16D5118800143DB3 /* Mom'P1-2-big.png */; };
		B3025B5016D5118800143DB3 /* Katymar-2-big.png in Resources */ = {isa = PBXBuildFile; fileRef = B3025B3C16D5118800143DB3 /* Katymar-2-big.png */; };
		B3025B5116D5118800143DB3 /* irre menschlich 4-4-big.png in Resources */ = {isa = PBXBuildFile; fileRef = B3025B3D16D5118800143DB3 /* irre menschlich 4-4-big.png */; };
		B3025B5216D5118800143DB3 /* humanitas4-big.png in Resources */ = {isa = PBXBuildFile; fileRef = B3025B3E16D5118800143DB3 /* humanitas4-big.png */; };
		B3025B5316D5118800143DB3 /* gpe2-2-big.png in Resources */ = {isa = PBXBuildFile; fileRef = B3025B3F16D5118800143DB3 /* gpe2-2-big.png */; };
		B3025B5416D5118800143DB3 /* ECC-2-big.png in Resources */ = {isa = PBXBuildFile; fileRef = B3025B4016D5118800143DB3 /* ECC-2-big.png */; };
		B3025B5516D5118800143DB3 /* ELTERN-AG-3-2-big.png in Resources */ = {isa = PBXBuildFile; fileRef = B3025B4116D5118800143DB3 /* ELTERN-AG-3-2-big.png */; };
		B3025B5616D5118800143DB3 /* Early Supported Discharge-2-big.png in Resources */ = {isa = PBXBuildFile; fileRef = B3025B4216D5118800143DB3 /* Early Supported Discharge-2-big.png */; };
		B3025B5716D5118800143DB3 /* CIL-personal assistant-big.png in Resources */ = {isa = PBXBuildFile; fileRef = B3025B4316D5118800143DB3 /* CIL-personal assistant-big.png */; };
		B3025B5816D5118800143DB3 /* mobile health service-big.png in Resources */ = {isa = PBXBuildFile; fileRef = B3025B4416D5118800143DB3 /* mobile health service-big.png */; };
		B3025B5916D5118800143DB3 /* BlueAssist5b-2-big.png in Resources */ = {isa = PBXBuildFile; fileRef = B3025B4516D5118800143DB3 /* BlueAssist5b-2-big.png */; };
		B3025B5A16D5118800143DB3 /* Abitare Solidale 4-2-big-big.png in Resources */ = {isa = PBXBuildFile; fileRef = B3025B4616D5118800143DB3 /* Abitare Solidale 4-2-big-big.png */; };
		B3025B5B16D5118800143DB3 /* Ammerud4-2-big-big.png in Resources */ = {isa = PBXBuildFile; fileRef = B3025B4716D5118800143DB3 /* Ammerud4-2-big-big.png */; };
		B304131617C237810032150C /* ProjectData.m in Sources */ = {isa = PBXBuildFile; fileRef = B304131517C237800032150C /* ProjectData.m */; };
		B304131A17C248CF0032150C /* Localizable.strings in Resources */ = {isa = PBXBuildFile; fileRef = B304131C17C248CF0032150C /* Localizable.strings */; };
		B30E56DF16D26FFB000821DD /* mobile health service.png in Resources */ = {isa = PBXBuildFile; fileRef = B30E56D916D26FFB000821DD /* mobile health service.png */; };
		B30E56E016D26FFB000821DD /* Ammerud4-2.png in Resources */ = {isa = PBXBuildFile; fileRef = B30E56DA16D26FFB000821DD /* Ammerud4-2.png */; };
		B30E56E116D26FFB000821DD /* ELTERN-AG-3-2.png in Resources */ = {isa = PBXBuildFile; fileRef = B30E56DB16D26FFB000821DD /* ELTERN-AG-3-2.png */; };
		B30E56E216D26FFB000821DD /* Real Pearl1-2.png in Resources */ = {isa = PBXBuildFile; fileRef = B30E56DC16D26FFB000821DD /* Real Pearl1-2.png */; };
		B30E56E316D26FFB000821DD /* humanitas4.png in Resources */ = {isa = PBXBuildFile; fileRef = B30E56DD16D26FFB000821DD /* humanitas4.png */; };
		B30E56E416D26FFB000821DD /* Mom'P1-2.png in Resources */ = {isa = PBXBuildFile; fileRef = B30E56DE16D26FFB000821DD /* Mom'P1-2.png */; };
		B30E56E816D283E6000821DD /* Abitare Solidale 4-2.png in Resources */ = {isa = PBXBuildFile; fileRef = B30E56E616D283E5000821DD /* Abitare Solidale 4-2.png */; };
		B30E56E916D283E6000821DD /* BlueAssist5b-2.png in Resources */ = {isa = PBXBuildFile; fileRef = B30E56E716D283E6000821DD /* BlueAssist5b-2.png */; };
		B30E56EC16D284B5000821DD /* CIL-personal assistant.png in Resources */ = {isa = PBXBuildFile; fileRef = B30E56EA16D284B4000821DD /* CIL-personal assistant.png */; };
		B30E56ED16D284B5000821DD /* Early Supported Discharge-2.png in Resources */ = {isa = PBXBuildFile; fileRef = B30E56EB16D284B4000821DD /* Early Supported Discharge-2.png */; };
		B30E56F016D28550000821DD /* ECC-2.png in Resources */ = {isa = PBXBuildFile; fileRef = B30E56EE16D2854F000821DD /* ECC-2.png */; };
		B30E56F116D28550000821DD /* gpe2-2.png in Resources */ = {isa = PBXBuildFile; fileRef = B30E56EF16D2854F000821DD /* gpe2-2.png */; };
		B30E56F416D2880E000821DD /* irre menschlich 4-4.png in Resources */ = {isa = PBXBuildFile; fileRef = B30E56F216D2880C000821DD /* irre menschlich 4-4.png */; };
		B30E56F516D2880E000821DD /* Katymar-2.png in Resources */ = {isa = PBXBuildFile; fileRef = B30E56F316D2880D000821DD /* Katymar-2.png */; };
		B30E56FA16D28CEC000821DD /* res-leg-1.png in Resources */ = {isa = PBXBuildFile; fileRef = B30E56F616D28CE9000821DD /* res-leg-1.png */; };
		B30E56FB16D28CEC000821DD /* Seclin-new3.png in Resources */ = {isa = PBXBuildFile; fileRef = B30E56F716D28CE9000821DD /* Seclin-new3.png */; };
		B30E56FC16D28CEC000821DD /* KYOH telehealth-1.png in Resources */ = {isa = PBXBuildFile; fileRef = B30E56F816D28CEA000821DD /* KYOH telehealth-1.png */; };
		B30E56FD16D28CEC000821DD /* vitality2a-2.png in Resources */ = {isa = PBXBuildFile; fileRef = B30E56F916D28CEB000821DD /* vitality2a-2.png */; };
		B30E570016D28D15000821DD /* Nueva1d-2.png in Resources */ = {isa = PBXBuildFile; fileRef = B30E56FE16D28D13000821DD /* Nueva1d-2.png */; };
		B30E570116D28D15000821DD /* placedebleu3a-2.png in Resources */ = {isa = PBXBuildFile; fileRef = B30E56FF16D28D14000821DD /* placedebleu3a-2.png */; };
		B30FE83617DDBAC700309997 /* Trailer_V4-mono.mp4 in Resources */ = {isa = PBXBuildFile; fileRef = B30FE83517DDBAC700309997 /* Trailer_V4-mono.mp4 */; };
		B319004716F3387E003D479B /* MediaPlayer.framework in Frameworks */ = {isa = PBXBuildFile; fileRef = B319004616F3387E003D479B /* MediaPlayer.framework */; };
		B319005016F36EEB003D479B /* play.png in Resources */ = {isa = PBXBuildFile; fileRef = B319004F16F36EEB003D479B /* play.png */; };
		B31E335517CDFD5300B61B25 /* ProjectDataDE.m in Sources */ = {isa = PBXBuildFile; fileRef = B31E335417CDFD5300B61B25 /* ProjectDataDE.m */; };
		B32E2CD31714A17D00F17039 /* iPhoneDetailViewController.m in Sources */ = {isa = PBXBuildFile; fileRef = B32E2CD21714A17D00F17039 /* iPhoneDetailViewController.m */; };
		B32F5AEE17C39D5000D46EE1 /* SrtData.m in Sources */ = {isa = PBXBuildFile; fileRef = B32F5AEB17C39D5000D46EE1 /* SrtData.m */; };
		B32F5AEF17C39D5000D46EE1 /* SrtParser.m in Sources */ = {isa = PBXBuildFile; fileRef = B32F5AED17C39D5000D46EE1 /* SrtParser.m */; };
		B33B373717CCEDE500DA57D9 /* Inno-background.png in Resources */ = {isa = PBXBuildFile; fileRef = B33B373517CCEDE500DA57D9 /* Inno-background.png */; };
		B33DDECE17C4B42E005C0D15 /* ProjectDataFR.m in Sources */ = {isa = PBXBuildFile; fileRef = B33DDECD17C4B42E005C0D15 /* ProjectDataFR.m */; };
		B34921DF17D9E79400E8577B /* logo_fp7.png in Resources */ = {isa = PBXBuildFile; fileRef = B34921DE17D9E79400E8577B /* logo_fp7.png */; };
		B34921E117D9EC5000E8577B /* flagge_eu_small.png in Resources */ = {isa = PBXBuildFile; fileRef = B34921E017D9EC5000E8577B /* flagge_eu_small.png */; };
		B35E288717E1CACF00D4E2B0 /* mobile health_german.txt in Resources */ = {isa = PBXBuildFile; fileRef = B35E288017E1CACF00D4E2B0 /* mobile health_german.txt */; };
		B35E288817E1CACF00D4E2B0 /* GPE_german.txt in Resources */ = {isa = PBXBuildFile; fileRef = B35E288117E1CACF00D4E2B0 /* GPE_german.txt */; };
		B35E288917E1CACF00D4E2B0 /* Vitality_german.txt in Resources */ = {isa = PBXBuildFile; fileRef = B35E288217E1CACF00D4E2B0 /* Vitality_german.txt */; };
		B35E288A17E1CACF00D4E2B0 /* Ammerudhjemmet_german.txt in Resources */ = {isa = PBXBuildFile; fileRef = B35E288317E1CACF00D4E2B0 /* Ammerudhjemmet_german.txt */; };
		B35E288B17E1CACF00D4E2B0 /* ESD_german.txt in Resources */ = {isa = PBXBuildFile; fileRef = B35E288417E1CACF00D4E2B0 /* ESD_german.txt */; };
		B35E288C17E1CACF00D4E2B0 /* blue assist_german.txt in Resources */ = {isa = PBXBuildFile; fileRef = B35E288517E1CACF00D4E2B0 /* blue assist_german.txt */; };
		B35E288D17E1CACF00D4E2B0 /* Momartre_german.txt in Resources */ = {isa = PBXBuildFile; fileRef = B35E288617E1CACF00D4E2B0 /* Momartre_german.txt */; };
		B35E289117E1E74700D4E2B0 /* AboutPagesIPAD1ViewController.m in Sources */ = {isa = PBXBuildFile; fileRef = B35E289017E1E74700D4E2B0 /* AboutPagesIPAD1ViewController.m */; };
		B35E289417E1E76C00D4E2B0 /* AboutPagesIPAD2ViewController.m in Sources */ = {isa = PBXBuildFile; fileRef = B35E289317E1E76C00D4E2B0 /* AboutPagesIPAD2ViewController.m */; };
		B35E289717E1E79000D4E2B0 /* AboutPagesIPAD0ViewController.m in Sources */ = {isa = PBXBuildFile; fileRef = B35E289617E1E79000D4E2B0 /* AboutPagesIPAD0ViewController.m */; };
		B35E289A17E1E87900D4E2B0 /* AboutPagesContainerIPADViewController.m in Sources */ = {isa = PBXBuildFile; fileRef = B35E289917E1E87900D4E2B0 /* AboutPagesContainerIPADViewController.m */; };
		B35E289D17E1EFDD00D4E2B0 /* INNOSERV_Flyer_2013_P2.png in Resources */ = {isa = PBXBuildFile; fileRef = B35E289B17E1EFDD00D4E2B0 /* INNOSERV_Flyer_2013_P2.png */; };
		B35E289E17E1EFDD00D4E2B0 /* INNOSERV_Flyer_2013_P1.png in Resources */ = {isa = PBXBuildFile; fileRef = B35E289C17E1EFDD00D4E2B0 /* INNOSERV_Flyer_2013_P1.png */; };
		B35E28A017E2057F00D4E2B0 /* Default-Landscape~ipad.png in Resources */ = {isa = PBXBuildFile; fileRef = B35E289F17E2057F00D4E2B0 /* Default-Landscape~ipad.png */; };
		B36C3EEC17D8BDA900C9A003 /* AboutPage5ViewController.m in Sources */ = {isa = PBXBuildFile; fileRef = B36C3EEB17D8BDA900C9A003 /* AboutPage5ViewController.m */; };
		B37077651727E80A009946A9 /* iPadMorePageViewController.m in Sources */ = {isa = PBXBuildFile; fileRef = B37077641727E80A009946A9 /* iPadMorePageViewController.m */; };
		B370776817280D7F009946A9 /* iPadAboutViewController.m in Sources */ = {isa = PBXBuildFile; fileRef = B370776717280D7F009946A9 /* iPadAboutViewController.m */; };
		B37D269C17C6391B0073F49D /* Abitare-subtitles - french.txt in Resources */ = {isa = PBXBuildFile; fileRef = B37D268817C6391B0073F49D /* Abitare-subtitles - french.txt */; };
		B37D269D17C6391B0073F49D /* Ammerudhjemmet-subtitles - french.txt in Resources */ = {isa = PBXBuildFile; fileRef = B37D268917C6391B0073F49D /* Ammerudhjemmet-subtitles - french.txt */; };
		B37D269E17C6391B0073F49D /* Blue Assist-subtitles-french.txt in Resources */ = {isa = PBXBuildFile; fileRef = B37D268A17C6391B0073F49D /* Blue Assist-subtitles-french.txt */; };
		B37D269F17C6391B0073F49D /* CIL - subtitles - french.txt in Resources */ = {isa = PBXBuildFile; fileRef = B37D268B17C6391B0073F49D /* CIL - subtitles - french.txt */; };
		B37D26A017C6391B0073F49D /* ECC-subtitles - french.txt in Resources */ = {isa = PBXBuildFile; fileRef = B37D268C17C6391B0073F49D /* ECC-subtitles - french.txt */; };
		B37D26A117C6391B0073F49D /* ElternAg-subtitles - french.txt in Resources */ = {isa = PBXBuildFile; fileRef = B37D268D17C6391B0073F49D /* ElternAg-subtitles - french.txt */; };
		B37D26A217C6391B0073F49D /* ESD-subtitles - french.txt in Resources */ = {isa = PBXBuildFile; fileRef = B37D268E17C6391B0073F49D /* ESD-subtitles - french.txt */; };
		B37D26A317C6391B0073F49D /* GPE-subtitles- french.txt in Resources */ = {isa = PBXBuildFile; fileRef = B37D268F17C6391B0073F49D /* GPE-subtitles- french.txt */; };
		B37D26A417C6391B0073F49D /* Humanitas-subtitles - french.txt in Resources */ = {isa = PBXBuildFile; fileRef = B37D269017C6391B0073F49D /* Humanitas-subtitles - french.txt */; };
		B37D26A517C6391B0073F49D /* Irre Menschlich-subtitles - french.txt in Resources */ = {isa = PBXBuildFile; fileRef = B37D269117C6391B0073F49D /* Irre Menschlich-subtitles - french.txt */; };
		B37D26A617C6391B0073F49D /* Katymar-subtitles - french.txt in Resources */ = {isa = PBXBuildFile; fileRef = B37D269217C6391B0073F49D /* Katymar-subtitles - french.txt */; };
		B37D26A717C6391B0073F49D /* KYOH-subtitles - french.txt in Resources */ = {isa = PBXBuildFile; fileRef = B37D269317C6391B0073F49D /* KYOH-subtitles - french.txt */; };
		B37D26A817C6391B0073F49D /* Mobile Health-subtitles - french.txt in Resources */ = {isa = PBXBuildFile; fileRef = B37D269417C6391B0073F49D /* Mobile Health-subtitles - french.txt */; };
		B37D26A917C6391B0073F49D /* Momartre-subtitles - french.txt in Resources */ = {isa = PBXBuildFile; fileRef = B37D269517C6391B0073F49D /* Momartre-subtitles - french.txt */; };
		B37D26AA17C6391B0073F49D /* Nueva-subtitles - french.txt in Resources */ = {isa = PBXBuildFile; fileRef = B37D269617C6391B0073F49D /* Nueva-subtitles - french.txt */; };
		B37D26AB17C6391B0073F49D /* Place de bleu-subtitles - french.txt in Resources */ = {isa = PBXBuildFile; fileRef = B37D269717C6391B0073F49D /* Place de bleu-subtitles - french.txt */; };
		B37D26AC17C6391B0073F49D /* RealPearl-subtitles - french.txt in Resources */ = {isa = PBXBuildFile; fileRef = B37D269817C6391B0073F49D /* RealPearl-subtitles - french.txt */; };
		B37D26AD17C6391B0073F49D /* Residenzialita-subtitles - french.txt in Resources */ = {isa = PBXBuildFile; fileRef = B37D269917C6391B0073F49D /* Residenzialita-subtitles - french.txt */; };
		B37D26AE17C6391B0073F49D /* Seclin-subtitles - french.txt in Resources */ = {isa = PBXBuildFile; fileRef = B37D269A17C6391B0073F49D /* Seclin-subtitles - french.txt */; };
		B37D26AF17C6391B0073F49D /* Vitality-subtitles - french.txt in Resources */ = {isa = PBXBuildFile; fileRef = B37D269B17C6391B0073F49D /* Vitality-subtitles - french.txt */; };
		B380094A16D6609000506DD5 /* innoServLogo2forIPADNoRetina.png in Resources */ = {isa = PBXBuildFile; fileRef = B380094916D6609000506DD5 /* innoServLogo2forIPADNoRetina.png */; };
		B380094C16D6609400506DD5 /* innoServLogo2forIPAD.png in Resources */ = {isa = PBXBuildFile; fileRef = B380094B16D6609400506DD5 /* innoServLogo2forIPAD.png */; };
		B3996A0C16DCF7DD00BC65DC /* iPhoneStoryboard.storyboard in Resources */ = {isa = PBXBuildFile; fileRef = B3996A0B16DCF7DD00BC65DC /* iPhoneStoryboard.storyboard */; };
		B3996A0F16DCFD9900BC65DC /* iPhoneFirstViewController.m in Sources */ = {isa = PBXBuildFile; fileRef = B3996A0E16DCFD9900BC65DC /* iPhoneFirstViewController.m */; };
		B3B8BBB216C13C8E0019CD28 /* UIKit.framework in Frameworks */ = {isa = PBXBuildFile; fileRef = B3B8BBB116C13C8E0019CD28 /* UIKit.framework */; };
		B3B8BBB416C13C8E0019CD28 /* Foundation.framework in Frameworks */ = {isa = PBXBuildFile; fileRef = B3B8BBB316C13C8E0019CD28 /* Foundation.framework */; };
		B3B8BBB616C13C8E0019CD28 /* CoreGraphics.framework in Frameworks */ = {isa = PBXBuildFile; fileRef = B3B8BBB516C13C8E0019CD28 /* CoreGraphics.framework */; };
		B3B8BBBC16C13C8E0019CD28 /* InfoPlist.strings in Resources */ = {isa = PBXBuildFile; fileRef = B3B8BBBA16C13C8E0019CD28 /* InfoPlist.strings */; };
		B3B8BBBE16C13C8E0019CD28 /* main.m in Sources */ = {isa = PBXBuildFile; fileRef = B3B8BBBD16C13C8E0019CD28 /* main.m */; };
		B3B8BBC216C13C8E0019CD28 /* AppDelegate.m in Sources */ = {isa = PBXBuildFile; fileRef = B3B8BBC116C13C8E0019CD28 /* AppDelegate.m */; };
		B3B8BBCB16C13C8E0019CD28 /* iPadStoryboard.storyboard in Resources */ = {isa = PBXBuildFile; fileRef = B3B8BBC916C13C8E0019CD28 /* iPadStoryboard.storyboard */; };
		B3B8BBCE16C13C8E0019CD28 /* MasterViewController.m in Sources */ = {isa = PBXBuildFile; fileRef = B3B8BBCD16C13C8E0019CD28 /* MasterViewController.m */; };
		B3B8BBD116C13C8E0019CD28 /* DetailViewController.m in Sources */ = {isa = PBXBuildFile; fileRef = B3B8BBD016C13C8E0019CD28 /* DetailViewController.m */; };
		B3B8BBD916C1424A0019CD28 /* ProjectListItem.m in Sources */ = {isa = PBXBuildFile; fileRef = B3B8BBD816C1424A0019CD28 /* ProjectListItem.m */; };
		B3B8BBDC16C160A70019CD28 /* CustomCell.m in Sources */ = {isa = PBXBuildFile; fileRef = B3B8BBDB16C160A70019CD28 /* CustomCell.m */; };
		B3F249F917C7C47D00213A7D /* iPhoneVideoViewController.m in Sources */ = {isa = PBXBuildFile; fileRef = B3F249F817C7C47C00213A7D /* iPhoneVideoViewController.m */; };
		B3F7C4E617CCC34C00EAEF1E /* Default-568h@2x.png in Resources */ = {isa = PBXBuildFile; fileRef = B3F7C4E517CCC34C00EAEF1E /* Default-568h@2x.png */; };
		B3F7C4EB17CCD92A00EAEF1E /* AboutPage3ViewController.m in Sources */ = {isa = PBXBuildFile; fileRef = B3F7C4EA17CCD92A00EAEF1E /* AboutPage3ViewController.m */; };
		B3F7C4EE17CCD94D00EAEF1E /* AboutPage4ViewController.m in Sources */ = {isa = PBXBuildFile; fileRef = B3F7C4ED17CCD94D00EAEF1E /* AboutPage4ViewController.m */; };
		B3FB6F5A17CB55CD00D22288 /* FirstScreenViewController.m in Sources */ = {isa = PBXBuildFile; fileRef = B3FB6F5917CB55CD00D22288 /* FirstScreenViewController.m */; };
		B3FB6F6117CBB4F200D22288 /* AboutPagesViewController.m in Sources */ = {isa = PBXBuildFile; fileRef = B3FB6F6017CBB4F200D22288 /* AboutPagesViewController.m */; };
		B3FB6F6417CBB61A00D22288 /* AboutPage1ViewController.m in Sources */ = {isa = PBXBuildFile; fileRef = B3FB6F6317CBB61A00D22288 /* AboutPage1ViewController.m */; };
		B3FB6F6717CBB62C00D22288 /* AboutPage2ViewController.m in Sources */ = {isa = PBXBuildFile; fileRef = B3FB6F6617CBB62C00D22288 /* AboutPage2ViewController.m */; };
		B3FB6F9F17CBE04300D22288 /* aboutPageContainerViewController.m in Sources */ = {isa = PBXBuildFile; fileRef = B3FB6F9E17CBE04300D22288 /* aboutPageContainerViewController.m */; };
		B3FC973F17DCF164008E0D7C /* ECC_subtitle_EN.txt in Resources */ = {isa = PBXBuildFile; fileRef = B3FC972B17DCF164008E0D7C /* ECC_subtitle_EN.txt */; };
		B3FC974017DCF164008E0D7C /* ammerud_subtitle_EN.txt in Resources */ = {isa = PBXBuildFile; fileRef = B3FC972C17DCF164008E0D7C /* ammerud_subtitle_EN.txt */; };
		B3FC974117DCF164008E0D7C /* Irre Menschlich_subtitle_EN.txt in Resources */ = {isa = PBXBuildFile; fileRef = B3FC972D17DCF164008E0D7C /* Irre Menschlich_subtitle_EN.txt */; };
		B3FC974217DCF164008E0D7C /* Katymar_subtitle2_EN.txt in Resources */ = {isa = PBXBuildFile; fileRef = B3FC972E17DCF164008E0D7C /* Katymar_subtitle2_EN.txt */; };
		B3FC974317DCF164008E0D7C /* ESD-subtitle2_EN.txt in Resources */ = {isa = PBXBuildFile; fileRef = B3FC972F17DCF164008E0D7C /* ESD-subtitle2_EN.txt */; };
		B3FC974417DCF164008E0D7C /* residenzialita leg_subtitle_EN.txt in Resources */ = {isa = PBXBuildFile; fileRef = B3FC973017DCF164008E0D7C /* residenzialita leg_subtitle_EN.txt */; };
		B3FC974517DCF164008E0D7C /* Vitality_subtitle2_EN.txt in Resources */ = {isa = PBXBuildFile; fileRef = B3FC973117DCF164008E0D7C /* Vitality_subtitle2_EN.txt */; };
		B3FC974617DCF164008E0D7C /* Seclin_subtitle_EN.txt in Resources */ = {isa = PBXBuildFile; fileRef = B3FC973217DCF164008E0D7C /* Seclin_subtitle_EN.txt */; };
		B3FC974717DCF164008E0D7C /* Abitare_Subtitle_EN.txt in Resources */ = {isa = PBXBuildFile; fileRef = B3FC973317DCF164008E0D7C /* Abitare_Subtitle_EN.txt */; };
		B3FC974817DCF164008E0D7C /* KYOH_subtitle_EN.txt in Resources */ = {isa = PBXBuildFile; fileRef = B3FC973417DCF164008E0D7C /* KYOH_subtitle_EN.txt */; };
		B3FC974917DCF164008E0D7C /* ELTERN-AG_subtitles_EN.txt in Resources */ = {isa = PBXBuildFile; fileRef = B3FC973517DCF164008E0D7C /* ELTERN-AG_subtitles_EN.txt */; };
		B3FC974A17DCF164008E0D7C /* nueva_subtitle_EN.txt in Resources */ = {isa = PBXBuildFile; fileRef = B3FC973617DCF164008E0D7C /* nueva_subtitle_EN.txt */; };
		B3FC974B17DCF164008E0D7C /* blueassist_subtitle_EN.txt in Resources */ = {isa = PBXBuildFile; fileRef = B3FC973717DCF164008E0D7C /* blueassist_subtitle_EN.txt */; };
		B3FC974C17DCF164008E0D7C /* Humanitas-subtitle_EN.txt in Resources */ = {isa = PBXBuildFile; fileRef = B3FC973817DCF164008E0D7C /* Humanitas-subtitle_EN.txt */; };
		B3FC974D17DCF164008E0D7C /* place de bleu_subtitle_EN.txt in Resources */ = {isa = PBXBuildFile; fileRef = B3FC973917DCF164008E0D7C /* place de bleu_subtitle_EN.txt */; };
		B3FC974E17DCF164008E0D7C /* real pearl_subtitle_EN.txt in Resources */ = {isa = PBXBuildFile; fileRef = B3FC973A17DCF164008E0D7C /* real pearl_subtitle_EN.txt */; };
		B3FC974F17DCF164008E0D7C /* CIL_subtitle_EN.txt in Resources */ = {isa = PBXBuildFile; fileRef = B3FC973B17DCF164008E0D7C /* CIL_subtitle_EN.txt */; };
		B3FC975017DCF164008E0D7C /* GPE_subtitle_EN.txt in Resources */ = {isa = PBXBuildFile; fileRef = B3FC973C17DCF164008E0D7C /* GPE_subtitle_EN.txt */; };
		B3FC975117DCF164008E0D7C /* mobile-health_subtitle_EN.txt in Resources */ = {isa = PBXBuildFile; fileRef = B3FC973D17DCF164008E0D7C /* mobile-health_subtitle_EN.txt */; };
		B3FC975217DCF164008E0D7C /* Mom'artre_subtitle_EN.txt in Resources */ = {isa = PBXBuildFile; fileRef = B3FC973E17DCF164008E0D7C /* Mom'artre_subtitle_EN.txt */; };
		B3FF4AE416D38DE800C81C9E /* OpenSans-Regular.ttf in Resources */ = {isa = PBXBuildFile; fileRef = B3FF4AE316D38DE800C81C9E /* OpenSans-Regular.ttf */; };
		B3FF4AE616D39EBA00C81C9E /* innoserv-logoAndPhotos.png in Resources */ = {isa = PBXBuildFile; fileRef = B3FF4AE516D39EBA00C81C9E /* innoserv-logoAndPhotos.png */; };
/* End PBXBuildFile section */

/* Begin PBXFileReference section */
		B3025B3016D50A8300143DB3 /* Abitare Solidale 4-2-big.png */ = {isa = PBXFileReference; lastKnownFileType = image.png; path = "Abitare Solidale 4-2-big.png"; sourceTree = "<group>"; };
		B3025B3116D50A8300143DB3 /* Ammerud4-2-big.png */ = {isa = PBXFileReference; lastKnownFileType = image.png; path = "Ammerud4-2-big.png"; sourceTree = "<group>"; };
		B3025B3416D5118800143DB3 /* vitality2a-2-big.png */ = {isa = PBXFileReference; lastKnownFileType = image.png; path = "vitality2a-2-big.png"; sourceTree = "<group>"; };
		B3025B3516D5118800143DB3 /* KYOH telehealth-1-big.png */ = {isa = PBXFileReference; lastKnownFileType = image.png; path = "KYOH telehealth-1-big.png"; sourceTree = "<group>"; };
		B3025B3616D5118800143DB3 /* Seclin-new3-big.png */ = {isa = PBXFileReference; lastKnownFileType = image.png; path = "Seclin-new3-big.png"; sourceTree = "<group>"; };
		B3025B3716D5118800143DB3 /* res-leg-1-big.png */ = {isa = PBXFileReference; lastKnownFileType = image.png; path = "res-leg-1-big.png"; sourceTree = "<group>"; };
		B3025B3816D5118800143DB3 /* Real Pearl1-2-big.png */ = {isa = PBXFileReference; lastKnownFileType = image.png; path = "Real Pearl1-2-big.png"; sourceTree = "<group>"; };
		B3025B3916D5118800143DB3 /* placedebleu3a-2-big.png */ = {isa = PBXFileReference; lastKnownFileType = image.png; path = "placedebleu3a-2-big.png"; sourceTree = "<group>"; };
		B3025B3A16D5118800143DB3 /* Nueva1d-2-big.png */ = {isa = PBXFileReference; lastKnownFileType = image.png; path = "Nueva1d-2-big.png"; sourceTree = "<group>"; };
		B3025B3B16D5118800143DB3 /* Mom'P1-2-big.png */ = {isa = PBXFileReference; lastKnownFileType = image.png; path = "Mom'P1-2-big.png"; sourceTree = "<group>"; };
		B3025B3C16D5118800143DB3 /* Katymar-2-big.png */ = {isa = PBXFileReference; lastKnownFileType = image.png; path = "Katymar-2-big.png"; sourceTree = "<group>"; };
		B3025B3D16D5118800143DB3 /* irre menschlich 4-4-big.png */ = {isa = PBXFileReference; lastKnownFileType = image.png; path = "irre menschlich 4-4-big.png"; sourceTree = "<group>"; };
		B3025B3E16D5118800143DB3 /* humanitas4-big.png */ = {isa = PBXFileReference; lastKnownFileType = image.png; path = "humanitas4-big.png"; sourceTree = "<group>"; };
		B3025B3F16D5118800143DB3 /* gpe2-2-big.png */ = {isa = PBXFileReference; lastKnownFileType = image.png; path = "gpe2-2-big.png"; sourceTree = "<group>"; };
		B3025B4016D5118800143DB3 /* ECC-2-big.png */ = {isa = PBXFileReference; lastKnownFileType = image.png; path = "ECC-2-big.png"; sourceTree = "<group>"; };
		B3025B4116D5118800143DB3 /* ELTERN-AG-3-2-big.png */ = {isa = PBXFileReference; lastKnownFileType = image.png; path = "ELTERN-AG-3-2-big.png"; sourceTree = "<group>"; };
		B3025B4216D5118800143DB3 /* Early Supported Discharge-2-big.png */ = {isa = PBXFileReference; lastKnownFileType = image.png; path = "Early Supported Discharge-2-big.png"; sourceTree = "<group>"; };
		B3025B4316D5118800143DB3 /* CIL-personal assistant-big.png */ = {isa = PBXFileReference; lastKnownFileType = image.png; path = "CIL-personal assistant-big.png"; sourceTree = "<group>"; };
		B3025B4416D5118800143DB3 /* mobile health service-big.png */ = {isa = PBXFileReference; lastKnownFileType = image.png; path = "mobile health service-big.png"; sourceTree = "<group>"; };
		B3025B4516D5118800143DB3 /* BlueAssist5b-2-big.png */ = {isa = PBXFileReference; lastKnownFileType = image.png; path = "BlueAssist5b-2-big.png"; sourceTree = "<group>"; };
		B3025B4616D5118800143DB3 /* Abitare Solidale 4-2-big-big.png */ = {isa = PBXFileReference; lastKnownFileType = image.png; path = "Abitare Solidale 4-2-big-big.png"; sourceTree = "<group>"; };
		B3025B4716D5118800143DB3 /* Ammerud4-2-big-big.png */ = {isa = PBXFileReference; lastKnownFileType = image.png; path = "Ammerud4-2-big-big.png"; sourceTree = "<group>"; };
		B304131417C237800032150C /* ProjectData.h */ = {isa = PBXFileReference; fileEncoding = 4; lastKnownFileType = sourcecode.c.h; path = ProjectData.h; sourceTree = "<group>"; };
		B304131517C237800032150C /* ProjectData.m */ = {isa = PBXFileReference; fileEncoding = 4; lastKnownFileType = sourcecode.c.objc; path = ProjectData.m; sourceTree = "<group>"; };
		B304131B17C248CF0032150C /* en */ = {isa = PBXFileReference; lastKnownFileType = text.plist.strings; name = en; path = en.lproj/Localizable.strings; sourceTree = "<group>"; };
		B304131D17C24C820032150C /* fr */ = {isa = PBXFileReference; lastKnownFileType = text.plist.strings; name = fr; path = fr.lproj/InfoPlist.strings; sourceTree = "<group>"; };
		B304131E17C24C820032150C /* fr */ = {isa = PBXFileReference; lastKnownFileType = text.plist.strings; name = fr; path = fr.lproj/Localizable.strings; sourceTree = "<group>"; };
		B30E56D916D26FFB000821DD /* mobile health service.png */ = {isa = PBXFileReference; lastKnownFileType = image.png; path = "mobile health service.png"; sourceTree = "<group>"; };
		B30E56DA16D26FFB000821DD /* Ammerud4-2.png */ = {isa = PBXFileReference; lastKnownFileType = image.png; path = "Ammerud4-2.png"; sourceTree = "<group>"; };
		B30E56DB16D26FFB000821DD /* ELTERN-AG-3-2.png */ = {isa = PBXFileReference; lastKnownFileType = image.png; path = "ELTERN-AG-3-2.png"; sourceTree = "<group>"; };
		B30E56DC16D26FFB000821DD /* Real Pearl1-2.png */ = {isa = PBXFileReference; lastKnownFileType = image.png; path = "Real Pearl1-2.png"; sourceTree = "<group>"; };
		B30E56DD16D26FFB000821DD /* humanitas4.png */ = {isa = PBXFileReference; lastKnownFileType = image.png; path = humanitas4.png; sourceTree = "<group>"; };
		B30E56DE16D26FFB000821DD /* Mom'P1-2.png */ = {isa = PBXFileReference; lastKnownFileType = image.png; path = "Mom'P1-2.png"; sourceTree = "<group>"; };
		B30E56E616D283E5000821DD /* Abitare Solidale 4-2.png */ = {isa = PBXFileReference; lastKnownFileType = image.png; path = "Abitare Solidale 4-2.png"; sourceTree = "<group>"; };
		B30E56E716D283E6000821DD /* BlueAssist5b-2.png */ = {isa = PBXFileReference; lastKnownFileType = image.png; path = "BlueAssist5b-2.png"; sourceTree = "<group>"; };
		B30E56EA16D284B4000821DD /* CIL-personal assistant.png */ = {isa = PBXFileReference; lastKnownFileType = image.png; path = "CIL-personal assistant.png"; sourceTree = "<group>"; };
		B30E56EB16D284B4000821DD /* Early Supported Discharge-2.png */ = {isa = PBXFileReference; lastKnownFileType = image.png; path = "Early Supported Discharge-2.png"; sourceTree = "<group>"; };
		B30E56EE16D2854F000821DD /* ECC-2.png */ = {isa = PBXFileReference; lastKnownFileType = image.png; path = "ECC-2.png"; sourceTree = "<group>"; };
		B30E56EF16D2854F000821DD /* gpe2-2.png */ = {isa = PBXFileReference; lastKnownFileType = image.png; path = "gpe2-2.png"; sourceTree = "<group>"; };
		B30E56F216D2880C000821DD /* irre menschlich 4-4.png */ = {isa = PBXFileReference; lastKnownFileType = image.png; path = "irre menschlich 4-4.png"; sourceTree = "<group>"; };
		B30E56F316D2880D000821DD /* Katymar-2.png */ = {isa = PBXFileReference; lastKnownFileType = image.png; path = "Katymar-2.png"; sourceTree = "<group>"; };
		B30E56F616D28CE9000821DD /* res-leg-1.png */ = {isa = PBXFileReference; lastKnownFileType = image.png; path = "res-leg-1.png"; sourceTree = "<group>"; };
		B30E56F716D28CE9000821DD /* Seclin-new3.png */ = {isa = PBXFileReference; lastKnownFileType = image.png; path = "Seclin-new3.png"; sourceTree = "<group>"; };
		B30E56F816D28CEA000821DD /* KYOH telehealth-1.png */ = {isa = PBXFileReference; lastKnownFileType = image.png; path = "KYOH telehealth-1.png"; sourceTree = "<group>"; };
		B30E56F916D28CEB000821DD /* vitality2a-2.png */ = {isa = PBXFileReference; lastKnownFileType = image.png; path = "vitality2a-2.png"; sourceTree = "<group>"; };
		B30E56FE16D28D13000821DD /* Nueva1d-2.png */ = {isa = PBXFileReference; lastKnownFileType = image.png; path = "Nueva1d-2.png"; sourceTree = "<group>"; };
		B30E56FF16D28D14000821DD /* placedebleu3a-2.png */ = {isa = PBXFileReference; lastKnownFileType = image.png; path = "placedebleu3a-2.png"; sourceTree = "<group>"; };
		B30FE83517DDBAC700309997 /* Trailer_V4-mono.mp4 */ = {isa = PBXFileReference; lastKnownFileType = file; path = "Trailer_V4-mono.mp4"; sourceTree = "<group>"; };
		B319004616F3387E003D479B /* MediaPlayer.framework */ = {isa = PBXFileReference; lastKnownFileType = wrapper.framework; name = MediaPlayer.framework; path = System/Library/Frameworks/MediaPlayer.framework; sourceTree = SDKROOT; };
		B319004F16F36EEB003D479B /* play.png */ = {isa = PBXFileReference; lastKnownFileType = image.png; path = play.png; sourceTree = "<group>"; };
		B31E335317CDFD5300B61B25 /* ProjectDataDE.h */ = {isa = PBXFileReference; fileEncoding = 4; lastKnownFileType = sourcecode.c.h; path = ProjectDataDE.h; sourceTree = "<group>"; };
		B31E335417CDFD5300B61B25 /* ProjectDataDE.m */ = {isa = PBXFileReference; fileEncoding = 4; lastKnownFileType = sourcecode.c.objc; path = ProjectDataDE.m; sourceTree = "<group>"; };
		B31E335617CE21D900B61B25 /* de */ = {isa = PBXFileReference; lastKnownFileType = text.plist.strings; name = de; path = de.lproj/InfoPlist.strings; sourceTree = "<group>"; };
		B31E335717CE21DA00B61B25 /* de */ = {isa = PBXFileReference; lastKnownFileType = text.plist.strings; name = de; path = de.lproj/Localizable.strings; sourceTree = "<group>"; };
		B32E2CD11714A17D00F17039 /* iPhoneDetailViewController.h */ = {isa = PBXFileReference; fileEncoding = 4; lastKnownFileType = sourcecode.c.h; path = iPhoneDetailViewController.h; sourceTree = "<group>"; };
		B32E2CD21714A17D00F17039 /* iPhoneDetailViewController.m */ = {isa = PBXFileReference; fileEncoding = 4; lastKnownFileType = sourcecode.c.objc; path = iPhoneDetailViewController.m; sourceTree = "<group>"; };
		B32F5AEA17C39D5000D46EE1 /* SrtData.h */ = {isa = PBXFileReference; fileEncoding = 4; lastKnownFileType = sourcecode.c.h; path = SrtData.h; sourceTree = "<group>"; };
		B32F5AEB17C39D5000D46EE1 /* SrtData.m */ = {isa = PBXFileReference; fileEncoding = 4; lastKnownFileType = sourcecode.c.objc; path = SrtData.m; sourceTree = "<group>"; };
		B32F5AEC17C39D5000D46EE1 /* SrtParser.h */ = {isa = PBXFileReference; fileEncoding = 4; lastKnownFileType = sourcecode.c.h; path = SrtParser.h; sourceTree = "<group>"; };
		B32F5AED17C39D5000D46EE1 /* SrtParser.m */ = {isa = PBXFileReference; fileEncoding = 4; lastKnownFileType = sourcecode.c.objc; path = SrtParser.m; sourceTree = "<group>"; };
		B33B373517CCEDE500DA57D9 /* Inno-background.png */ = {isa = PBXFileReference; lastKnownFileType = image.png; path = "Inno-background.png"; sourceTree = "<group>"; };
		B33DDECC17C4B42E005C0D15 /* ProjectDataFR.h */ = {isa = PBXFileReference; fileEncoding = 4; lastKnownFileType = sourcecode.c.h; path = ProjectDataFR.h; sourceTree = "<group>"; };
		B33DDECD17C4B42E005C0D15 /* ProjectDataFR.m */ = {isa = PBXFileReference; fileEncoding = 4; lastKnownFileType = sourcecode.c.objc; path = ProjectDataFR.m; sourceTree = "<group>"; };
		B34921DE17D9E79400E8577B /* logo_fp7.png */ = {isa = PBXFileReference; lastKnownFileType = image.png; path = logo_fp7.png; sourceTree = "<group>"; };
		B34921E017D9EC5000E8577B /* flagge_eu_small.png */ = {isa = PBXFileReference; lastKnownFileType = image.png; path = flagge_eu_small.png; sourceTree = "<group>"; };
		B35E288017E1CACF00D4E2B0 /* mobile health_german.txt */ = {isa = PBXFileReference; fileEncoding = 4; lastKnownFileType = text; lineEnding = 2; path = "mobile health_german.txt"; sourceTree = "<group>"; };
		B35E288117E1CACF00D4E2B0 /* GPE_german.txt */ = {isa = PBXFileReference; fileEncoding = 4; lastKnownFileType = text; lineEnding = 2; path = GPE_german.txt; sourceTree = "<group>"; };
		B35E288217E1CACF00D4E2B0 /* Vitality_german.txt */ = {isa = PBXFileReference; fileEncoding = 4; lastKnownFileType = text; lineEnding = 2; path = Vitality_german.txt; sourceTree = "<group>"; };
		B35E288317E1CACF00D4E2B0 /* Ammerudhjemmet_german.txt */ = {isa = PBXFileReference; fileEncoding = 4; lastKnownFileType = text; lineEnding = 2; path = Ammerudhjemmet_german.txt; sourceTree = "<group>"; };
		B35E288417E1CACF00D4E2B0 /* ESD_german.txt */ = {isa = PBXFileReference; fileEncoding = 4; lastKnownFileType = text; lineEnding = 2; path = ESD_german.txt; sourceTree = "<group>"; };
		B35E288517E1CACF00D4E2B0 /* blue assist_german.txt */ = {isa = PBXFileReference; fileEncoding = 4; lastKnownFileType = text; lineEnding = 2; path = "blue assist_german.txt"; sourceTree = "<group>"; };
		B35E288617E1CACF00D4E2B0 /* Momartre_german.txt */ = {isa = PBXFileReference; fileEncoding = 4; lastKnownFileType = text; lineEnding = 2; path = Momartre_german.txt; sourceTree = "<group>"; };
		B35E288F17E1E74700D4E2B0 /* AboutPagesIPAD1ViewController.h */ = {isa = PBXFileReference; fileEncoding = 4; lastKnownFileType = sourcecode.c.h; path = AboutPagesIPAD1ViewController.h; sourceTree = "<group>"; };
		B35E289017E1E74700D4E2B0 /* AboutPagesIPAD1ViewController.m */ = {isa = PBXFileReference; fileEncoding = 4; lastKnownFileType = sourcecode.c.objc; path = AboutPagesIPAD1ViewController.m; sourceTree = "<group>"; };
		B35E289217E1E76C00D4E2B0 /* AboutPagesIPAD2ViewController.h */ = {isa = PBXFileReference; fileEncoding = 4; lastKnownFileType = sourcecode.c.h; path = AboutPagesIPAD2ViewController.h; sourceTree = "<group>"; };
		B35E289317E1E76C00D4E2B0 /* AboutPagesIPAD2ViewController.m */ = {isa = PBXFileReference; fileEncoding = 4; lastKnownFileType = sourcecode.c.objc; path = AboutPagesIPAD2ViewController.m; sourceTree = "<group>"; };
		B35E289517E1E79000D4E2B0 /* AboutPagesIPAD0ViewController.h */ = {isa = PBXFileReference; fileEncoding = 4; lastKnownFileType = sourcecode.c.h; path = AboutPagesIPAD0ViewController.h; sourceTree = "<group>"; };
		B35E289617E1E79000D4E2B0 /* AboutPagesIPAD0ViewController.m */ = {isa = PBXFileReference; fileEncoding = 4; lastKnownFileType = sourcecode.c.objc; path = AboutPagesIPAD0ViewController.m; sourceTree = "<group>"; };
		B35E289817E1E87800D4E2B0 /* AboutPagesContainerIPADViewController.h */ = {isa = PBXFileReference; fileEncoding = 4; lastKnownFileType = sourcecode.c.h; path = AboutPagesContainerIPADViewController.h; sourceTree = "<group>"; };
		B35E289917E1E87900D4E2B0 /* AboutPagesContainerIPADViewController.m */ = {isa = PBXFileReference; fileEncoding = 4; lastKnownFileType = sourcecode.c.objc; path = AboutPagesContainerIPADViewController.m; sourceTree = "<group>"; };
		B35E289B17E1EFDD00D4E2B0 /* INNOSERV_Flyer_2013_P2.png */ = {isa = PBXFileReference; lastKnownFileType = image.png; path = INNOSERV_Flyer_2013_P2.png; sourceTree = "<group>"; };
		B35E289C17E1EFDD00D4E2B0 /* INNOSERV_Flyer_2013_P1.png */ = {isa = PBXFileReference; lastKnownFileType = image.png; path = INNOSERV_Flyer_2013_P1.png; sourceTree = "<group>"; };
		B35E289F17E2057F00D4E2B0 /* Default-Landscape~ipad.png */ = {isa = PBXFileReference; lastKnownFileType = image.png; path = "Default-Landscape~ipad.png"; sourceTree = "<group>"; };
		B36C3EEA17D8BDA900C9A003 /* AboutPage5ViewController.h */ = {isa = PBXFileReference; fileEncoding = 4; lastKnownFileType = sourcecode.c.h; path = AboutPage5ViewController.h; sourceTree = "<group>"; };
		B36C3EEB17D8BDA900C9A003 /* AboutPage5ViewController.m */ = {isa = PBXFileReference; fileEncoding = 4; lastKnownFileType = sourcecode.c.objc; path = AboutPage5ViewController.m; sourceTree = "<group>"; };
		B37077631727E80A009946A9 /* iPadMorePageViewController.h */ = {isa = PBXFileReference; fileEncoding = 4; lastKnownFileType = sourcecode.c.h; path = iPadMorePageViewController.h; sourceTree = "<group>"; };
		B37077641727E80A009946A9 /* iPadMorePageViewController.m */ = {isa = PBXFileReference; fileEncoding = 4; lastKnownFileType = sourcecode.c.objc; path = iPadMorePageViewController.m; sourceTree = "<group>"; };
		B370776617280D7F009946A9 /* iPadAboutViewController.h */ = {isa = PBXFileReference; fileEncoding = 4; lastKnownFileType = sourcecode.c.h; path = iPadAboutViewController.h; sourceTree = "<group>"; };
		B370776717280D7F009946A9 /* iPadAboutViewController.m */ = {isa = PBXFileReference; fileEncoding = 4; lastKnownFileType = sourcecode.c.objc; path = iPadAboutViewController.m; sourceTree = "<group>"; };
		B37D268817C6391B0073F49D /* Abitare-subtitles - french.txt */ = {isa = PBXFileReference; fileEncoding = 4; lastKnownFileType = text; lineEnding = 2; path = "Abitare-subtitles - french.txt"; sourceTree = "<group>"; };
		B37D268917C6391B0073F49D /* Ammerudhjemmet-subtitles - french.txt */ = {isa = PBXFileReference; fileEncoding = 4; lastKnownFileType = text; lineEnding = 2; path = "Ammerudhjemmet-subtitles - french.txt"; sourceTree = "<group>"; };
		B37D268A17C6391B0073F49D /* Blue Assist-subtitles-french.txt */ = {isa = PBXFileReference; fileEncoding = 4; lastKnownFileType = text; lineEnding = 2; path = "Blue Assist-subtitles-french.txt"; sourceTree = "<group>"; };
		B37D268B17C6391B0073F49D /* CIL - subtitles - french.txt */ = {isa = PBXFileReference; fileEncoding = 4; lastKnownFileType = text; lineEnding = 2; path = "CIL - subtitles - french.txt"; sourceTree = "<group>"; };
		B37D268C17C6391B0073F49D /* ECC-subtitles - french.txt */ = {isa = PBXFileReference; fileEncoding = 4; lastKnownFileType = text; lineEnding = 2; path = "ECC-subtitles - french.txt"; sourceTree = "<group>"; };
		B37D268D17C6391B0073F49D /* ElternAg-subtitles - french.txt */ = {isa = PBXFileReference; fileEncoding = 4; lastKnownFileType = text; lineEnding = 2; path = "ElternAg-subtitles - french.txt"; sourceTree = "<group>"; };
		B37D268E17C6391B0073F49D /* ESD-subtitles - french.txt */ = {isa = PBXFileReference; fileEncoding = 4; lastKnownFileType = text; lineEnding = 2; path = "ESD-subtitles - french.txt"; sourceTree = "<group>"; };
		B37D268F17C6391B0073F49D /* GPE-subtitles- french.txt */ = {isa = PBXFileReference; fileEncoding = 4; lastKnownFileType = text; lineEnding = 2; path = "GPE-subtitles- french.txt"; sourceTree = "<group>"; };
		B37D269017C6391B0073F49D /* Humanitas-subtitles - french.txt */ = {isa = PBXFileReference; fileEncoding = 4; lastKnownFileType = text; lineEnding = 2; path = "Humanitas-subtitles - french.txt"; sourceTree = "<group>"; };
		B37D269117C6391B0073F49D /* Irre Menschlich-subtitles - french.txt */ = {isa = PBXFileReference; fileEncoding = 4; lastKnownFileType = text; lineEnding = 2; path = "Irre Menschlich-subtitles - french.txt"; sourceTree = "<group>"; };
		B37D269217C6391B0073F49D /* Katymar-subtitles - french.txt */ = {isa = PBXFileReference; fileEncoding = 4; lastKnownFileType = text; lineEnding = 2; path = "Katymar-subtitles - french.txt"; sourceTree = "<group>"; };
		B37D269317C6391B0073F49D /* KYOH-subtitles - french.txt */ = {isa = PBXFileReference; fileEncoding = 4; lastKnownFileType = text; lineEnding = 2; path = "KYOH-subtitles - french.txt"; sourceTree = "<group>"; };
		B37D269417C6391B0073F49D /* Mobile Health-subtitles - french.txt */ = {isa = PBXFileReference; fileEncoding = 4; lastKnownFileType = text; lineEnding = 2; path = "Mobile Health-subtitles - french.txt"; sourceTree = "<group>"; };
		B37D269517C6391B0073F49D /* Momartre-subtitles - french.txt */ = {isa = PBXFileReference; fileEncoding = 4; lastKnownFileType = text; lineEnding = 2; path = "Momartre-subtitles - french.txt"; sourceTree = "<group>"; };
		B37D269617C6391B0073F49D /* Nueva-subtitles - french.txt */ = {isa = PBXFileReference; fileEncoding = 4; lastKnownFileType = text; lineEnding = 2; path = "Nueva-subtitles - french.txt"; sourceTree = "<group>"; };
		B37D269717C6391B0073F49D /* Place de bleu-subtitles - french.txt */ = {isa = PBXFileReference; fileEncoding = 4; lastKnownFileType = text; lineEnding = 2; path = "Place de bleu-subtitles - french.txt"; sourceTree = "<group>"; };
		B37D269817C6391B0073F49D /* RealPearl-subtitles - french.txt */ = {isa = PBXFileReference; fileEncoding = 4; lastKnownFileType = text; lineEnding = 2; path = "RealPearl-subtitles - french.txt"; sourceTree = "<group>"; };
		B37D269917C6391B0073F49D /* Residenzialita-subtitles - french.txt */ = {isa = PBXFileReference; fileEncoding = 4; lastKnownFileType = text; lineEnding = 2; path = "Residenzialita-subtitles - french.txt"; sourceTree = "<group>"; };
		B37D269A17C6391B0073F49D /* Seclin-subtitles - french.txt */ = {isa = PBXFileReference; fileEncoding = 4; lastKnownFileType = text; lineEnding = 2; path = "Seclin-subtitles - french.txt"; sourceTree = "<group>"; };
		B37D269B17C6391B0073F49D /* Vitality-subtitles - french.txt */ = {isa = PBXFileReference; fileEncoding = 4; lastKnownFileType = text; lineEnding = 2; path = "Vitality-subtitles - french.txt"; sourceTree = "<group>"; };
		B380094916D6609000506DD5 /* innoServLogo2forIPADNoRetina.png */ = {isa = PBXFileReference; lastKnownFileType = image.png; path = innoServLogo2forIPADNoRetina.png; sourceTree = "<group>"; };
		B380094B16D6609400506DD5 /* innoServLogo2forIPAD.png */ = {isa = PBXFileReference; lastKnownFileType = image.png; path = innoServLogo2forIPAD.png; sourceTree = "<group>"; };
		B3996A0B16DCF7DD00BC65DC /* iPhoneStoryboard.storyboard */ = {isa = PBXFileReference; fileEncoding = 4; lastKnownFileType = file.storyboard; path = iPhoneStoryboard.storyboard; sourceTree = "<group>"; };
		B3996A0D16DCFD9900BC65DC /* iPhoneFirstViewController.h */ = {isa = PBXFileReference; fileEncoding = 4; lastKnownFileType = sourcecode.c.h; path = iPhoneFirstViewController.h; sourceTree = "<group>"; };
		B3996A0E16DCFD9900BC65DC /* iPhoneFirstViewController.m */ = {isa = PBXFileReference; fileEncoding = 4; lastKnownFileType = sourcecode.c.objc; path = iPhoneFirstViewController.m; sourceTree = "<group>"; };
		B3B8BBAD16C13C8E0019CD28 /* INNOSERV.app */ = {isa = PBXFileReference; explicitFileType = wrapper.application; includeInIndex = 0; path = INNOSERV.app; sourceTree = BUILT_PRODUCTS_DIR; };
		B3B8BBB116C13C8E0019CD28 /* UIKit.framework */ = {isa = PBXFileReference; lastKnownFileType = wrapper.framework; name = UIKit.framework; path = System/Library/Frameworks/UIKit.framework; sourceTree = SDKROOT; };
		B3B8BBB316C13C8E0019CD28 /* Foundation.framework */ = {isa = PBXFileReference; lastKnownFileType = wrapper.framework; name = Foundation.framework; path = System/Library/Frameworks/Foundation.framework; sourceTree = SDKROOT; };
		B3B8BBB516C13C8E0019CD28 /* CoreGraphics.framework */ = {isa = PBXFileReference; lastKnownFileType = wrapper.framework; name = CoreGraphics.framework; path = System/Library/Frameworks/CoreGraphics.framework; sourceTree = SDKROOT; };
		B3B8BBB916C13C8E0019CD28 /* Innoserv-Info.plist */ = {isa = PBXFileReference; lastKnownFileType = text.plist.xml; path = "Innoserv-Info.plist"; sourceTree = "<group>"; };
		B3B8BBBB16C13C8E0019CD28 /* en */ = {isa = PBXFileReference; lastKnownFileType = text.plist.strings; name = en; path = en.lproj/InfoPlist.strings; sourceTree = "<group>"; };
		B3B8BBBD16C13C8E0019CD28 /* main.m */ = {isa = PBXFileReference; lastKnownFileType = sourcecode.c.objc; path = main.m; sourceTree = "<group>"; };
		B3B8BBBF16C13C8E0019CD28 /* Innoserv-Prefix.pch */ = {isa = PBXFileReference; lastKnownFileType = sourcecode.c.h; path = "Innoserv-Prefix.pch"; sourceTree = "<group>"; };
		B3B8BBC016C13C8E0019CD28 /* AppDelegate.h */ = {isa = PBXFileReference; lastKnownFileType = sourcecode.c.h; path = AppDelegate.h; sourceTree = "<group>"; };
		B3B8BBC116C13C8E0019CD28 /* AppDelegate.m */ = {isa = PBXFileReference; lastKnownFileType = sourcecode.c.objc; path = AppDelegate.m; sourceTree = "<group>"; };
		B3B8BBC316C13C8E0019CD28 /* Default.png */ = {isa = PBXFileReference; lastKnownFileType = image.png; path = Default.png; sourceTree = "<group>"; };
		B3B8BBC516C13C8E0019CD28 /* Default@2x.png */ = {isa = PBXFileReference; lastKnownFileType = image.png; path = "Default@2x.png"; sourceTree = "<group>"; };
		B3B8BBC716C13C8E0019CD28 /* Default-568h@2x.png */ = {isa = PBXFileReference; lastKnownFileType = image.png; path = "Default-568h@2x.png"; sourceTree = "<group>"; };
		B3B8BBCA16C13C8E0019CD28 /* en */ = {isa = PBXFileReference; lastKnownFileType = file.storyboard; name = en; path = en.lproj/iPadStoryboard.storyboard; sourceTree = "<group>"; };
		B3B8BBCC16C13C8E0019CD28 /* MasterViewController.h */ = {isa = PBXFileReference; lastKnownFileType = sourcecode.c.h; path = MasterViewController.h; sourceTree = "<group>"; };
		B3B8BBCD16C13C8E0019CD28 /* MasterViewController.m */ = {isa = PBXFileReference; lastKnownFileType = sourcecode.c.objc; path = MasterViewController.m; sourceTree = "<group>"; };
		B3B8BBCF16C13C8E0019CD28 /* DetailViewController.h */ = {isa = PBXFileReference; lastKnownFileType = sourcecode.c.h; path = DetailViewController.h; sourceTree = "<group>"; };
		B3B8BBD016C13C8E0019CD28 /* DetailViewController.m */ = {isa = PBXFileReference; lastKnownFileType = sourcecode.c.objc; path = DetailViewController.m; sourceTree = "<group>"; };
		B3B8BBD716C1424A0019CD28 /* ProjectListItem.h */ = {isa = PBXFileReference; fileEncoding = 4; lastKnownFileType = sourcecode.c.h; path = ProjectListItem.h; sourceTree = "<group>"; };
		B3B8BBD816C1424A0019CD28 /* ProjectListItem.m */ = {isa = PBXFileReference; fileEncoding = 4; lastKnownFileType = sourcecode.c.objc; path = ProjectListItem.m; sourceTree = "<group>"; };
		B3B8BBDA16C160A70019CD28 /* CustomCell.h */ = {isa = PBXFileReference; fileEncoding = 4; lastKnownFileType = sourcecode.c.h; path = CustomCell.h; sourceTree = "<group>"; };
		B3B8BBDB16C160A70019CD28 /* CustomCell.m */ = {isa = PBXFileReference; fileEncoding = 4; lastKnownFileType = sourcecode.c.objc; path = CustomCell.m; sourceTree = "<group>"; };
		B3F249F717C7C47C00213A7D /* iPhoneVideoViewController.h */ = {isa = PBXFileReference; fileEncoding = 4; lastKnownFileType = sourcecode.c.h; path = iPhoneVideoViewController.h; sourceTree = "<group>"; };
		B3F249F817C7C47C00213A7D /* iPhoneVideoViewController.m */ = {isa = PBXFileReference; fileEncoding = 4; lastKnownFileType = sourcecode.c.objc; path = iPhoneVideoViewController.m; sourceTree = "<group>"; };
		B3F7C4E317CCC33E00EAEF1E /* Default@2x.png */ = {isa = PBXFileReference; lastKnownFileType = image.png; path = "Default@2x.png"; sourceTree = "<group>"; };
		B3F7C4E517CCC34C00EAEF1E /* Default-568h@2x.png */ = {isa = PBXFileReference; lastKnownFileType = image.png; path = "Default-568h@2x.png"; sourceTree = "<group>"; };
		B3F7C4E917CCD92A00EAEF1E /* AboutPage3ViewController.h */ = {isa = PBXFileReference; fileEncoding = 4; lastKnownFileType = sourcecode.c.h; path = AboutPage3ViewController.h; sourceTree = "<group>"; };
		B3F7C4EA17CCD92A00EAEF1E /* AboutPage3ViewController.m */ = {isa = PBXFileReference; fileEncoding = 4; lastKnownFileType = sourcecode.c.objc; path = AboutPage3ViewController.m; sourceTree = "<group>"; };
		B3F7C4EC17CCD94D00EAEF1E /* AboutPage4ViewController.h */ = {isa = PBXFileReference; fileEncoding = 4; lastKnownFileType = sourcecode.c.h; path = AboutPage4ViewController.h; sourceTree = "<group>"; };
		B3F7C4ED17CCD94D00EAEF1E /* AboutPage4ViewController.m */ = {isa = PBXFileReference; fileEncoding = 4; lastKnownFileType = sourcecode.c.objc; path = AboutPage4ViewController.m; sourceTree = "<group>"; };
		B3FB6F5817CB55CD00D22288 /* FirstScreenViewController.h */ = {isa = PBXFileReference; fileEncoding = 4; lastKnownFileType = sourcecode.c.h; path = FirstScreenViewController.h; sourceTree = "<group>"; };
		B3FB6F5917CB55CD00D22288 /* FirstScreenViewController.m */ = {isa = PBXFileReference; fileEncoding = 4; lastKnownFileType = sourcecode.c.objc; path = FirstScreenViewController.m; sourceTree = "<group>"; };
		B3FB6F5D17CB7DED00D22288 /* Default.png */ = {isa = PBXFileReference; lastKnownFileType = image.png; path = Default.png; sourceTree = "<group>"; };
		B3FB6F5F17CBB4F200D22288 /* AboutPagesViewController.h */ = {isa = PBXFileReference; fileEncoding = 4; lastKnownFileType = sourcecode.c.h; name = AboutPagesViewController.h; path = ../AboutPagesViewController.h; sourceTree = "<group>"; };
		B3FB6F6017CBB4F200D22288 /* AboutPagesViewController.m */ = {isa = PBXFileReference; fileEncoding = 4; lastKnownFileType = sourcecode.c.objc; name = AboutPagesViewController.m; path = ../AboutPagesViewController.m; sourceTree = "<group>"; };
		B3FB6F6217CBB61A00D22288 /* AboutPage1ViewController.h */ = {isa = PBXFileReference; fileEncoding = 4; lastKnownFileType = sourcecode.c.h; path = AboutPage1ViewController.h; sourceTree = "<group>"; };
		B3FB6F6317CBB61A00D22288 /* AboutPage1ViewController.m */ = {isa = PBXFileReference; fileEncoding = 4; lastKnownFileType = sourcecode.c.objc; path = AboutPage1ViewController.m; sourceTree = "<group>"; };
		B3FB6F6517CBB62C00D22288 /* AboutPage2ViewController.h */ = {isa = PBXFileReference; fileEncoding = 4; lastKnownFileType = sourcecode.c.h; path = AboutPage2ViewController.h; sourceTree = "<group>"; };
		B3FB6F6617CBB62C00D22288 /* AboutPage2ViewController.m */ = {isa = PBXFileReference; fileEncoding = 4; lastKnownFileType = sourcecode.c.objc; path = AboutPage2ViewController.m; sourceTree = "<group>"; };
		B3FB6F9D17CBE04300D22288 /* aboutPageContainerViewController.h */ = {isa = PBXFileReference; fileEncoding = 4; lastKnownFileType = sourcecode.c.h; path = aboutPageContainerViewController.h; sourceTree = "<group>"; };
		B3FB6F9E17CBE04300D22288 /* aboutPageContainerViewController.m */ = {isa = PBXFileReference; fileEncoding = 4; lastKnownFileType = sourcecode.c.objc; path = aboutPageContainerViewController.m; sourceTree = "<group>"; };
		B3FC972B17DCF164008E0D7C /* ECC_subtitle_EN.txt */ = {isa = PBXFileReference; fileEncoding = 4; lastKnownFileType = text; lineEnding = 2; path = ECC_subtitle_EN.txt; sourceTree = "<group>"; };
		B3FC972C17DCF164008E0D7C /* ammerud_subtitle_EN.txt */ = {isa = PBXFileReference; fileEncoding = 4; lastKnownFileType = text; path = ammerud_subtitle_EN.txt; sourceTree = "<group>"; };
		B3FC972D17DCF164008E0D7C /* Irre Menschlich_subtitle_EN.txt */ = {isa = PBXFileReference; fileEncoding = 4; lastKnownFileType = text; lineEnding = 2; path = "Irre Menschlich_subtitle_EN.txt"; sourceTree = "<group>"; };
		B3FC972E17DCF164008E0D7C /* Katymar_subtitle2_EN.txt */ = {isa = PBXFileReference; fileEncoding = 4; lastKnownFileType = text; lineEnding = 2; path = Katymar_subtitle2_EN.txt; sourceTree = "<group>"; };
		B3FC972F17DCF164008E0D7C /* ESD-subtitle2_EN.txt */ = {isa = PBXFileReference; fileEncoding = 4; lastKnownFileType = text; lineEnding = 2; path = "ESD-subtitle2_EN.txt"; sourceTree = "<group>"; };
		B3FC973017DCF164008E0D7C /* residenzialita leg_subtitle_EN.txt */ = {isa = PBXFileReference; fileEncoding = 4; lastKnownFileType = text; lineEnding = 2; path = "residenzialita leg_subtitle_EN.txt"; sourceTree = "<group>"; };
		B3FC973117DCF164008E0D7C /* Vitality_subtitle2_EN.txt */ = {isa = PBXFileReference; fileEncoding = 4; lastKnownFileType = text; lineEnding = 2; path = Vitality_subtitle2_EN.txt; sourceTree = "<group>"; };
		B3FC973217DCF164008E0D7C /* Seclin_subtitle_EN.txt */ = {isa = PBXFileReference; fileEncoding = 4; lastKnownFileType = text; lineEnding = 2; path = Seclin_subtitle_EN.txt; sourceTree = "<group>"; };
		B3FC973317DCF164008E0D7C /* Abitare_Subtitle_EN.txt */ = {isa = PBXFileReference; fileEncoding = 4; lastKnownFileType = text; lineEnding = 2; path = Abitare_Subtitle_EN.txt; sourceTree = "<group>"; };
		B3FC973417DCF164008E0D7C /* KYOH_subtitle_EN.txt */ = {isa = PBXFileReference; fileEncoding = 4; lastKnownFileType = text; lineEnding = 2; path = KYOH_subtitle_EN.txt; sourceTree = "<group>"; };
		B3FC973517DCF164008E0D7C /* ELTERN-AG_subtitles_EN.txt */ = {isa = PBXFileReference; fileEncoding = 4; lastKnownFileType = text; lineEnding = 2; path = "ELTERN-AG_subtitles_EN.txt"; sourceTree = "<group>"; };
		B3FC973617DCF164008E0D7C /* nueva_subtitle_EN.txt */ = {isa = PBXFileReference; fileEncoding = 4; lastKnownFileType = text; lineEnding = 2; path = nueva_subtitle_EN.txt; sourceTree = "<group>"; };
		B3FC973717DCF164008E0D7C /* blueassist_subtitle_EN.txt */ = {isa = PBXFileReference; fileEncoding = 4; lastKnownFileType = text; lineEnding = 2; path = blueassist_subtitle_EN.txt; sourceTree = "<group>"; };
		B3FC973817DCF164008E0D7C /* Humanitas-subtitle_EN.txt */ = {isa = PBXFileReference; fileEncoding = 4; lastKnownFileType = text; lineEnding = 2; path = "Humanitas-subtitle_EN.txt"; sourceTree = "<group>"; };
		B3FC973917DCF164008E0D7C /* place de bleu_subtitle_EN.txt */ = {isa = PBXFileReference; fileEncoding = 4; lastKnownFileType = text; lineEnding = 2; path = "place de bleu_subtitle_EN.txt"; sourceTree = "<group>"; };
		B3FC973A17DCF164008E0D7C /* real pearl_subtitle_EN.txt */ = {isa = PBXFileReference; fileEncoding = 4; lastKnownFileType = text; lineEnding = 2; path = "real pearl_subtitle_EN.txt"; sourceTree = "<group>"; };
		B3FC973B17DCF164008E0D7C /* CIL_subtitle_EN.txt */ = {isa = PBXFileReference; fileEncoding = 4; lastKnownFileType = text; lineEnding = 2; path = CIL_subtitle_EN.txt; sourceTree = "<group>"; };
		B3FC973C17DCF164008E0D7C /* GPE_subtitle_EN.txt */ = {isa = PBXFileReference; fileEncoding = 4; lastKnownFileType = text; lineEnding = 2; path = GPE_subtitle_EN.txt; sourceTree = "<group>"; };
		B3FC973D17DCF164008E0D7C /* mobile-health_subtitle_EN.txt */ = {isa = PBXFileReference; fileEncoding = 4; lastKnownFileType = text; lineEnding = 2; path = "mobile-health_subtitle_EN.txt"; sourceTree = "<group>"; };
		B3FC973E17DCF164008E0D7C /* Mom'artre_subtitle_EN.txt */ = {isa = PBXFileReference; fileEncoding = 4; lastKnownFileType = text; lineEnding = 2; path = "Mom'artre_subtitle_EN.txt"; sourceTree = "<group>"; };
		B3FF4AE316D38DE800C81C9E /* OpenSans-Regular.ttf */ = {isa = PBXFileReference; lastKnownFileType = file; path = "OpenSans-Regular.ttf"; sourceTree = "<group>"; };
		B3FF4AE516D39EBA00C81C9E /* innoserv-logoAndPhotos.png */ = {isa = PBXFileReference; lastKnownFileType = image.png; path = "innoserv-logoAndPhotos.png"; sourceTree = "<group>"; };
/* End PBXFileReference section */

/* Begin PBXFrameworksBuildPhase section */
		B3B8BBAA16C13C8E0019CD28 /* Frameworks */ = {
			isa = PBXFrameworksBuildPhase;
			buildActionMask = 2147483647;
			files = (
				B319004716F3387E003D479B /* MediaPlayer.framework in Frameworks */,
				B3B8BBB216C13C8E0019CD28 /* UIKit.framework in Frameworks */,
				B3B8BBB416C13C8E0019CD28 /* Foundation.framework in Frameworks */,
				B3B8BBB616C13C8E0019CD28 /* CoreGraphics.framework in Frameworks */,
			);
			runOnlyForDeploymentPostprocessing = 0;
		};
/* End PBXFrameworksBuildPhase section */

/* Begin PBXGroup section */
		B304130A17C219330032150C /* Controllers(iPhone) */ = {
			isa = PBXGroup;
			children = (
				B3F7C4EF17CCE83D00EAEF1E /* aboutPages */,
				B3FB6F5817CB55CD00D22288 /* FirstScreenViewController.h */,
				B3FB6F5917CB55CD00D22288 /* FirstScreenViewController.m */,
				B3996A0D16DCFD9900BC65DC /* iPhoneFirstViewController.h */,
				B3996A0E16DCFD9900BC65DC /* iPhoneFirstViewController.m */,
				B32E2CD11714A17D00F17039 /* iPhoneDetailViewController.h */,
				B32E2CD21714A17D00F17039 /* iPhoneDetailViewController.m */,
				B3F249F717C7C47C00213A7D /* iPhoneVideoViewController.h */,
				B3F249F817C7C47C00213A7D /* iPhoneVideoViewController.m */,
			);
			name = "Controllers(iPhone)";
			sourceTree = "<group>";
		};
		B304130B17C2195C0032150C /* Controllers(iPad) */ = {
			isa = PBXGroup;
			children = (
				B3B8BBCC16C13C8E0019CD28 /* MasterViewController.h */,
				B3B8BBCD16C13C8E0019CD28 /* MasterViewController.m */,
				B3B8BBCF16C13C8E0019CD28 /* DetailViewController.h */,
				B3B8BBD016C13C8E0019CD28 /* DetailViewController.m */,
				B3B8BBDA16C160A70019CD28 /* CustomCell.h */,
				B3B8BBDB16C160A70019CD28 /* CustomCell.m */,
				B37077631727E80A009946A9 /* iPadMorePageViewController.h */,
				B37077641727E80A009946A9 /* iPadMorePageViewController.m */,
				B370776617280D7F009946A9 /* iPadAboutViewController.h */,
				B370776717280D7F009946A9 /* iPadAboutViewController.m */,
				B35E289817E1E87800D4E2B0 /* AboutPagesContainerIPADViewController.h */,
				B35E289917E1E87900D4E2B0 /* AboutPagesContainerIPADViewController.m */,
				B35E289517E1E79000D4E2B0 /* AboutPagesIPAD0ViewController.h */,
				B35E289617E1E79000D4E2B0 /* AboutPagesIPAD0ViewController.m */,
				B35E288F17E1E74700D4E2B0 /* AboutPagesIPAD1ViewController.h */,
				B35E289017E1E74700D4E2B0 /* AboutPagesIPAD1ViewController.m */,
				B35E289217E1E76C00D4E2B0 /* AboutPagesIPAD2ViewController.h */,
				B35E289317E1E76C00D4E2B0 /* AboutPagesIPAD2ViewController.m */,
			);
			name = "Controllers(iPad)";
			sourceTree = "<group>";
		};
		B304131717C246B60032150C /* Ressources */ = {
			isa = PBXGroup;
			children = (
				B37D268717C6391B0073F49D /* Sous-titres */,
				B319004816F357F5003D479B /* Videos */,
				B3A9261616CE8DBA006686A7 /* Images */,
			);
			name = Ressources;
			sourceTree = "<group>";
		};
		B319004816F357F5003D479B /* Videos */ = {
			isa = PBXGroup;
			children = (
				B30FE83517DDBAC700309997 /* Trailer_V4-mono.mp4 */,
			);
			name = Videos;
			sourceTree = "<group>";
		};
		B32F5AF017C39D7D00D46EE1 /* SrtParser */ = {
			isa = PBXGroup;
			children = (
				B32F5AEA17C39D5000D46EE1 /* SrtData.h */,
				B32F5AEB17C39D5000D46EE1 /* SrtData.m */,
				B32F5AEC17C39D5000D46EE1 /* SrtParser.h */,
				B32F5AED17C39D5000D46EE1 /* SrtParser.m */,
			);
			name = SrtParser;
			sourceTree = "<group>";
		};
		B35E288E17E1CAE100D4E2B0 /* DE */ = {
			isa = PBXGroup;
			children = (
				B35E288017E1CACF00D4E2B0 /* mobile health_german.txt */,
				B35E288117E1CACF00D4E2B0 /* GPE_german.txt */,
				B35E288217E1CACF00D4E2B0 /* Vitality_german.txt */,
				B35E288317E1CACF00D4E2B0 /* Ammerudhjemmet_german.txt */,
				B35E288417E1CACF00D4E2B0 /* ESD_german.txt */,
				B35E288517E1CACF00D4E2B0 /* blue assist_german.txt */,
				B35E288617E1CACF00D4E2B0 /* Momartre_german.txt */,
			);
			name = DE;
			sourceTree = "<group>";
		};
		B37D268717C6391B0073F49D /* Sous-titres */ = {
			isa = PBXGroup;
			children = (
				B35E288E17E1CAE100D4E2B0 /* DE */,
				B3FC975317DCF16D008E0D7C /* EN */,
				B3FC972A17DCF151008E0D7C /* FR */,
			);
			name = "Sous-titres";
			path = "sous-titres";
			sourceTree = "<group>";
		};
		B3A9261616CE8DBA006686A7 /* Images */ = {
			isa = PBXGroup;
			children = (
				B35E289B17E1EFDD00D4E2B0 /* INNOSERV_Flyer_2013_P2.png */,
				B35E289C17E1EFDD00D4E2B0 /* INNOSERV_Flyer_2013_P1.png */,
				B34921E017D9EC5000E8577B /* flagge_eu_small.png */,
				B34921DE17D9E79400E8577B /* logo_fp7.png */,
				B33B373517CCEDE500DA57D9 /* Inno-background.png */,
				B319004F16F36EEB003D479B /* play.png */,
				B3025B3416D5118800143DB3 /* vitality2a-2-big.png */,
				B3025B3516D5118800143DB3 /* KYOH telehealth-1-big.png */,
				B3025B3616D5118800143DB3 /* Seclin-new3-big.png */,
				B3025B3716D5118800143DB3 /* res-leg-1-big.png */,
				B3025B3816D5118800143DB3 /* Real Pearl1-2-big.png */,
				B3025B3916D5118800143DB3 /* placedebleu3a-2-big.png */,
				B3025B3A16D5118800143DB3 /* Nueva1d-2-big.png */,
				B3025B3B16D5118800143DB3 /* Mom'P1-2-big.png */,
				B3025B3C16D5118800143DB3 /* Katymar-2-big.png */,
				B3025B3D16D5118800143DB3 /* irre menschlich 4-4-big.png */,
				B3025B3E16D5118800143DB3 /* humanitas4-big.png */,
				B3025B3F16D5118800143DB3 /* gpe2-2-big.png */,
				B3025B4016D5118800143DB3 /* ECC-2-big.png */,
				B3025B4116D5118800143DB3 /* ELTERN-AG-3-2-big.png */,
				B3025B4216D5118800143DB3 /* Early Supported Discharge-2-big.png */,
				B3025B4316D5118800143DB3 /* CIL-personal assistant-big.png */,
				B3025B4416D5118800143DB3 /* mobile health service-big.png */,
				B3025B4516D5118800143DB3 /* BlueAssist5b-2-big.png */,
				B3025B4616D5118800143DB3 /* Abitare Solidale 4-2-big-big.png */,
				B3025B4716D5118800143DB3 /* Ammerud4-2-big-big.png */,
				B3025B3016D50A8300143DB3 /* Abitare Solidale 4-2-big.png */,
				B3025B3116D50A8300143DB3 /* Ammerud4-2-big.png */,
				B3FF4AE516D39EBA00C81C9E /* innoserv-logoAndPhotos.png */,
				B30E56FE16D28D13000821DD /* Nueva1d-2.png */,
				B30E56FF16D28D14000821DD /* placedebleu3a-2.png */,
				B30E56F616D28CE9000821DD /* res-leg-1.png */,
				B30E56F716D28CE9000821DD /* Seclin-new3.png */,
				B30E56F816D28CEA000821DD /* KYOH telehealth-1.png */,
				B30E56F916D28CEB000821DD /* vitality2a-2.png */,
				B30E56F216D2880C000821DD /* irre menschlich 4-4.png */,
				B30E56F316D2880D000821DD /* Katymar-2.png */,
				B30E56EE16D2854F000821DD /* ECC-2.png */,
				B30E56EF16D2854F000821DD /* gpe2-2.png */,
				B30E56EA16D284B4000821DD /* CIL-personal assistant.png */,
				B30E56EB16D284B4000821DD /* Early Supported Discharge-2.png */,
				B30E56E616D283E5000821DD /* Abitare Solidale 4-2.png */,
				B30E56E716D283E6000821DD /* BlueAssist5b-2.png */,
				B30E56D916D26FFB000821DD /* mobile health service.png */,
				B30E56DA16D26FFB000821DD /* Ammerud4-2.png */,
				B30E56DB16D26FFB000821DD /* ELTERN-AG-3-2.png */,
				B30E56DC16D26FFB000821DD /* Real Pearl1-2.png */,
				B30E56DD16D26FFB000821DD /* humanitas4.png */,
				B30E56DE16D26FFB000821DD /* Mom'P1-2.png */,
			);
			name = Images;
			sourceTree = "<group>";
		};
		B3A9261816CE8E00006686A7 /* Model */ = {
			isa = PBXGroup;
			children = (
				B3B8BBD716C1424A0019CD28 /* ProjectListItem.h */,
				B3B8BBD816C1424A0019CD28 /* ProjectListItem.m */,
				B304131417C237800032150C /* ProjectData.h */,
				B304131517C237800032150C /* ProjectData.m */,
				B33DDECC17C4B42E005C0D15 /* ProjectDataFR.h */,
				B33DDECD17C4B42E005C0D15 /* ProjectDataFR.m */,
				B31E335317CDFD5300B61B25 /* ProjectDataDE.h */,
				B31E335417CDFD5300B61B25 /* ProjectDataDE.m */,
			);
			name = Model;
			sourceTree = "<group>";
		};
		B3B8BBA216C13C8E0019CD28 = {
			isa = PBXGroup;
			children = (
				B35E289F17E2057F00D4E2B0 /* Default-Landscape~ipad.png */,
				B3F7C4E517CCC34C00EAEF1E /* Default-568h@2x.png */,
				B3F7C4E317CCC33E00EAEF1E /* Default@2x.png */,
				B3FB6F5D17CB7DED00D22288 /* Default.png */,
				B380094B16D6609400506DD5 /* innoServLogo2forIPAD.png */,
				B380094916D6609000506DD5 /* innoServLogo2forIPADNoRetina.png */,
				B3B8BBB716C13C8E0019CD28 /* testSplitView */,
				B3B8BBB016C13C8E0019CD28 /* Frameworks */,
				B3B8BBAE16C13C8E0019CD28 /* Products */,
			);
			sourceTree = "<group>";
		};
		B3B8BBAE16C13C8E0019CD28 /* Products */ = {
			isa = PBXGroup;
			children = (
				B3B8BBAD16C13C8E0019CD28 /* INNOSERV.app */,
			);
			name = Products;
			sourceTree = "<group>";
		};
		B3B8BBB016C13C8E0019CD28 /* Frameworks */ = {
			isa = PBXGroup;
			children = (
				B319004616F3387E003D479B /* MediaPlayer.framework */,
				B3B8BBB116C13C8E0019CD28 /* UIKit.framework */,
				B3B8BBB316C13C8E0019CD28 /* Foundation.framework */,
				B3B8BBB516C13C8E0019CD28 /* CoreGraphics.framework */,
			);
			name = Frameworks;
			sourceTree = "<group>";
		};
		B3B8BBB716C13C8E0019CD28 /* testSplitView */ = {
			isa = PBXGroup;
			children = (
				B32F5AF017C39D7D00D46EE1 /* SrtParser */,
				B3A9261816CE8E00006686A7 /* Model */,
				B3B8BBC016C13C8E0019CD28 /* AppDelegate.h */,
				B3B8BBC116C13C8E0019CD28 /* AppDelegate.m */,
				B3996A0B16DCF7DD00BC65DC /* iPhoneStoryboard.storyboard */,
				B304130A17C219330032150C /* Controllers(iPhone) */,
				B3B8BBC916C13C8E0019CD28 /* iPadStoryboard.storyboard */,
				B304130B17C2195C0032150C /* Controllers(iPad) */,
				B304131717C246B60032150C /* Ressources */,
				B3B8BBB816C13C8E0019CD28 /* Supporting Files */,
			);
			path = testSplitView;
			sourceTree = "<group>";
		};
		B3B8BBB816C13C8E0019CD28 /* Supporting Files */ = {
			isa = PBXGroup;
			children = (
				B3FF4AE316D38DE800C81C9E /* OpenSans-Regular.ttf */,
				B3B8BBB916C13C8E0019CD28 /* Innoserv-Info.plist */,
				B3B8BBBA16C13C8E0019CD28 /* InfoPlist.strings */,
				B3B8BBBD16C13C8E0019CD28 /* main.m */,
				B3B8BBBF16C13C8E0019CD28 /* Innoserv-Prefix.pch */,
				B3B8BBC316C13C8E0019CD28 /* Default.png */,
				B3B8BBC516C13C8E0019CD28 /* Default@2x.png */,
				B3B8BBC716C13C8E0019CD28 /* Default-568h@2x.png */,
				B304131C17C248CF0032150C /* Localizable.strings */,
			);
			name = "Supporting Files";
			sourceTree = "<group>";
		};
		B3F7C4EF17CCE83D00EAEF1E /* aboutPages */ = {
			isa = PBXGroup;
			children = (
				B3FB6F9D17CBE04300D22288 /* aboutPageContainerViewController.h */,
				B3FB6F9E17CBE04300D22288 /* aboutPageContainerViewController.m */,
				B3FB6F5F17CBB4F200D22288 /* AboutPagesViewController.h */,
				B3FB6F6017CBB4F200D22288 /* AboutPagesViewController.m */,
				B3FB6F6217CBB61A00D22288 /* AboutPage1ViewController.h */,
				B3FB6F6317CBB61A00D22288 /* AboutPage1ViewController.m */,
				B3FB6F6517CBB62C00D22288 /* AboutPage2ViewController.h */,
				B3FB6F6617CBB62C00D22288 /* AboutPage2ViewController.m */,
				B3F7C4E917CCD92A00EAEF1E /* AboutPage3ViewController.h */,
				B3F7C4EA17CCD92A00EAEF1E /* AboutPage3ViewController.m */,
				B3F7C4EC17CCD94D00EAEF1E /* AboutPage4ViewController.h */,
				B3F7C4ED17CCD94D00EAEF1E /* AboutPage4ViewController.m */,
				B36C3EEA17D8BDA900C9A003 /* AboutPage5ViewController.h */,
				B36C3EEB17D8BDA900C9A003 /* AboutPage5ViewController.m */,
			);
			name = aboutPages;
			sourceTree = "<group>";
		};
		B3FC972A17DCF151008E0D7C /* FR */ = {
			isa = PBXGroup;
			children = (
				B37D268817C6391B0073F49D /* Abitare-subtitles - french.txt */,
				B37D268917C6391B0073F49D /* Ammerudhjemmet-subtitles - french.txt */,
				B37D268A17C6391B0073F49D /* Blue Assist-subtitles-french.txt */,
				B37D268B17C6391B0073F49D /* CIL - subtitles - french.txt */,
				B37D268C17C6391B0073F49D /* ECC-subtitles - french.txt */,
				B37D268D17C6391B0073F49D /* ElternAg-subtitles - french.txt */,
				B37D268E17C6391B0073F49D /* ESD-subtitles - french.txt */,
				B37D268F17C6391B0073F49D /* GPE-subtitles- french.txt */,
				B37D269017C6391B0073F49D /* Humanitas-subtitles - french.txt */,
				B37D269117C6391B0073F49D /* Irre Menschlich-subtitles - french.txt */,
				B37D269217C6391B0073F49D /* Katymar-subtitles - french.txt */,
				B37D269317C6391B0073F49D /* KYOH-subtitles - french.txt */,
				B37D269417C6391B0073F49D /* Mobile Health-subtitles - french.txt */,
				B37D269517C6391B0073F49D /* Momartre-subtitles - french.txt */,
				B37D269617C6391B0073F49D /* Nueva-subtitles - french.txt */,
				B37D269717C6391B0073F49D /* Place de bleu-subtitles - french.txt */,
				B37D269817C6391B0073F49D /* RealPearl-subtitles - french.txt */,
				B37D269917C6391B0073F49D /* Residenzialita-subtitles - french.txt */,
				B37D269A17C6391B0073F49D /* Seclin-subtitles - french.txt */,
				B37D269B17C6391B0073F49D /* Vitality-subtitles - french.txt */,
			);
			name = FR;
			sourceTree = "<group>";
		};
		B3FC975317DCF16D008E0D7C /* EN */ = {
			isa = PBXGroup;
			children = (
				B3FC972C17DCF164008E0D7C /* ammerud_subtitle_EN.txt */,
				B3FC973317DCF164008E0D7C /* Abitare_Subtitle_EN.txt */,
				B3FC973717DCF164008E0D7C /* blueassist_subtitle_EN.txt */,
				B3FC973D17DCF164008E0D7C /* mobile-health_subtitle_EN.txt */,
				B3FC973B17DCF164008E0D7C /* CIL_subtitle_EN.txt */,
				B3FC972F17DCF164008E0D7C /* ESD-subtitle2_EN.txt */,
				B3FC973517DCF164008E0D7C /* ELTERN-AG_subtitles_EN.txt */,
				B3FC972B17DCF164008E0D7C /* ECC_subtitle_EN.txt */,
				B3FC973C17DCF164008E0D7C /* GPE_subtitle_EN.txt */,
				B3FC973817DCF164008E0D7C /* Humanitas-subtitle_EN.txt */,
				B3FC972D17DCF164008E0D7C /* Irre Menschlich_subtitle_EN.txt */,
				B3FC972E17DCF164008E0D7C /* Katymar_subtitle2_EN.txt */,
				B3FC973E17DCF164008E0D7C /* Mom'artre_subtitle_EN.txt */,
				B3FC973617DCF164008E0D7C /* nueva_subtitle_EN.txt */,
				B3FC973917DCF164008E0D7C /* place de bleu_subtitle_EN.txt */,
				B3FC973A17DCF164008E0D7C /* real pearl_subtitle_EN.txt */,
				B3FC973017DCF164008E0D7C /* residenzialita leg_subtitle_EN.txt */,
				B3FC973217DCF164008E0D7C /* Seclin_subtitle_EN.txt */,
				B3FC973417DCF164008E0D7C /* KYOH_subtitle_EN.txt */,
				B3FC973117DCF164008E0D7C /* Vitality_subtitle2_EN.txt */,
			);
			name = EN;
			sourceTree = "<group>";
		};
/* End PBXGroup section */

/* Begin PBXNativeTarget section */
		B3B8BBAC16C13C8E0019CD28 /* Innoserv */ = {
			isa = PBXNativeTarget;
			buildConfigurationList = B3B8BBD416C13C8E0019CD28 /* Build configuration list for PBXNativeTarget "Innoserv" */;
			buildPhases = (
				B3B8BBA916C13C8E0019CD28 /* Sources */,
				B3B8BBAA16C13C8E0019CD28 /* Frameworks */,
				B3B8BBAB16C13C8E0019CD28 /* Resources */,
			);
			buildRules = (
			);
			dependencies = (
			);
			name = Innoserv;
			productName = testSplitView;
			productReference = B3B8BBAD16C13C8E0019CD28 /* INNOSERV.app */;
			productType = "com.apple.product-type.application";
		};
/* End PBXNativeTarget section */

/* Begin PBXProject section */
		B3B8BBA416C13C8E0019CD28 /* Project object */ = {
			isa = PBXProject;
			attributes = {
				LastUpgradeCheck = 0450;
				ORGANIZATIONNAME = "philippe nougaillon";
			};
			buildConfigurationList = B3B8BBA716C13C8E0019CD28 /* Build configuration list for PBXProject "Innoserv" */;
			compatibilityVersion = "Xcode 3.2";
			developmentRegion = English;
			hasScannedForEncodings = 0;
			knownRegions = (
				en,
				fr,
				de,
			);
			mainGroup = B3B8BBA216C13C8E0019CD28;
			productRefGroup = B3B8BBAE16C13C8E0019CD28 /* Products */;
			projectDirPath = "";
			projectRoot = "";
			targets = (
				B3B8BBAC16C13C8E0019CD28 /* Innoserv */,
			);
		};
/* End PBXProject section */

/* Begin PBXResourcesBuildPhase section */
		B3B8BBAB16C13C8E0019CD28 /* Resources */ = {
			isa = PBXResourcesBuildPhase;
			buildActionMask = 2147483647;
			files = (
				B3B8BBBC16C13C8E0019CD28 /* InfoPlist.strings in Resources */,
				B3B8BBCB16C13C8E0019CD28 /* iPadStoryboard.storyboard in Resources */,
				B30E56DF16D26FFB000821DD /* mobile health service.png in Resources */,
				B30E56E016D26FFB000821DD /* Ammerud4-2.png in Resources */,
				B30E56E116D26FFB000821DD /* ELTERN-AG-3-2.png in Resources */,
				B30E56E216D26FFB000821DD /* Real Pearl1-2.png in Resources */,
				B30E56E316D26FFB000821DD /* humanitas4.png in Resources */,
				B30E56E416D26FFB000821DD /* Mom'P1-2.png in Resources */,
				B30E56E816D283E6000821DD /* Abitare Solidale 4-2.png in Resources */,
				B30E56E916D283E6000821DD /* BlueAssist5b-2.png in Resources */,
				B30E56EC16D284B5000821DD /* CIL-personal assistant.png in Resources */,
				B30E56ED16D284B5000821DD /* Early Supported Discharge-2.png in Resources */,
				B30E56F016D28550000821DD /* ECC-2.png in Resources */,
				B30E56F116D28550000821DD /* gpe2-2.png in Resources */,
				B30E56F416D2880E000821DD /* irre menschlich 4-4.png in Resources */,
				B30E56F516D2880E000821DD /* Katymar-2.png in Resources */,
				B30E56FA16D28CEC000821DD /* res-leg-1.png in Resources */,
				B30E56FB16D28CEC000821DD /* Seclin-new3.png in Resources */,
				B30E56FC16D28CEC000821DD /* KYOH telehealth-1.png in Resources */,
				B30E56FD16D28CEC000821DD /* vitality2a-2.png in Resources */,
				B30E570016D28D15000821DD /* Nueva1d-2.png in Resources */,
				B30E570116D28D15000821DD /* placedebleu3a-2.png in Resources */,
				B3FF4AE416D38DE800C81C9E /* OpenSans-Regular.ttf in Resources */,
				B3FF4AE616D39EBA00C81C9E /* innoserv-logoAndPhotos.png in Resources */,
				B3025B3216D50A8300143DB3 /* Abitare Solidale 4-2-big.png in Resources */,
				B3025B3316D50A8300143DB3 /* Ammerud4-2-big.png in Resources */,
				B3025B4816D5118800143DB3 /* vitality2a-2-big.png in Resources */,
				B3025B4916D5118800143DB3 /* KYOH telehealth-1-big.png in Resources */,
				B3025B4A16D5118800143DB3 /* Seclin-new3-big.png in Resources */,
				B3025B4B16D5118800143DB3 /* res-leg-1-big.png in Resources */,
				B3025B4C16D5118800143DB3 /* Real Pearl1-2-big.png in Resources */,
				B3025B4D16D5118800143DB3 /* placedebleu3a-2-big.png in Resources */,
				B3025B4E16D5118800143DB3 /* Nueva1d-2-big.png in Resources */,
				B3025B4F16D5118800143DB3 /* Mom'P1-2-big.png in Resources */,
				B3025B5016D5118800143DB3 /* Katymar-2-big.png in Resources */,
				B3025B5116D5118800143DB3 /* irre menschlich 4-4-big.png in Resources */,
				B3025B5216D5118800143DB3 /* humanitas4-big.png in Resources */,
				B3025B5316D5118800143DB3 /* gpe2-2-big.png in Resources */,
				B3025B5416D5118800143DB3 /* ECC-2-big.png in Resources */,
				B3025B5516D5118800143DB3 /* ELTERN-AG-3-2-big.png in Resources */,
				B3025B5616D5118800143DB3 /* Early Supported Discharge-2-big.png in Resources */,
				B3025B5716D5118800143DB3 /* CIL-personal assistant-big.png in Resources */,
				B3025B5816D5118800143DB3 /* mobile health service-big.png in Resources */,
				B3025B5916D5118800143DB3 /* BlueAssist5b-2-big.png in Resources */,
				B3025B5A16D5118800143DB3 /* Abitare Solidale 4-2-big-big.png in Resources */,
				B3025B5B16D5118800143DB3 /* Ammerud4-2-big-big.png in Resources */,
				B380094A16D6609000506DD5 /* innoServLogo2forIPADNoRetina.png in Resources */,
				B380094C16D6609400506DD5 /* innoServLogo2forIPAD.png in Resources */,
				B3996A0C16DCF7DD00BC65DC /* iPhoneStoryboard.storyboard in Resources */,
				B319005016F36EEB003D479B /* play.png in Resources */,
				B304131A17C248CF0032150C /* Localizable.strings in Resources */,
				B37D269C17C6391B0073F49D /* Abitare-subtitles - french.txt in Resources */,
				B37D269D17C6391B0073F49D /* Ammerudhjemmet-subtitles - french.txt in Resources */,
				B37D269E17C6391B0073F49D /* Blue Assist-subtitles-french.txt in Resources */,
				B37D269F17C6391B0073F49D /* CIL - subtitles - french.txt in Resources */,
				B37D26A017C6391B0073F49D /* ECC-subtitles - french.txt in Resources */,
				B37D26A117C6391B0073F49D /* ElternAg-subtitles - french.txt in Resources */,
				B37D26A217C6391B0073F49D /* ESD-subtitles - french.txt in Resources */,
				B37D26A317C6391B0073F49D /* GPE-subtitles- french.txt in Resources */,
				B37D26A417C6391B0073F49D /* Humanitas-subtitles - french.txt in Resources */,
				B37D26A517C6391B0073F49D /* Irre Menschlich-subtitles - french.txt in Resources */,
				B37D26A617C6391B0073F49D /* Katymar-subtitles - french.txt in Resources */,
				B37D26A717C6391B0073F49D /* KYOH-subtitles - french.txt in Resources */,
				B37D26A817C6391B0073F49D /* Mobile Health-subtitles - french.txt in Resources */,
				B37D26A917C6391B0073F49D /* Momartre-subtitles - french.txt in Resources */,
				B37D26AA17C6391B0073F49D /* Nueva-subtitles - french.txt in Resources */,
				B37D26AB17C6391B0073F49D /* Place de bleu-subtitles - french.txt in Resources */,
				B37D26AC17C6391B0073F49D /* RealPearl-subtitles - french.txt in Resources */,
				B37D26AD17C6391B0073F49D /* Residenzialita-subtitles - french.txt in Resources */,
				B37D26AE17C6391B0073F49D /* Seclin-subtitles - french.txt in Resources */,
				B37D26AF17C6391B0073F49D /* Vitality-subtitles - french.txt in Resources */,
				B3F7C4E617CCC34C00EAEF1E /* Default-568h@2x.png in Resources */,
				B33B373717CCEDE500DA57D9 /* Inno-background.png in Resources */,
				B34921DF17D9E79400E8577B /* logo_fp7.png in Resources */,
				B34921E117D9EC5000E8577B /* flagge_eu_small.png in Resources */,
				B3FC973F17DCF164008E0D7C /* ECC_subtitle_EN.txt in Resources */,
				B3FC974017DCF164008E0D7C /* ammerud_subtitle_EN.txt in Resources */,
				B3FC974117DCF164008E0D7C /* Irre Menschlich_subtitle_EN.txt in Resources */,
				B3FC974217DCF164008E0D7C /* Katymar_subtitle2_EN.txt in Resources */,
				B3FC974317DCF164008E0D7C /* ESD-subtitle2_EN.txt in Resources */,
				B3FC974417DCF164008E0D7C /* residenzialita leg_subtitle_EN.txt in Resources */,
				B3FC974517DCF164008E0D7C /* Vitality_subtitle2_EN.txt in Resources */,
				B3FC974617DCF164008E0D7C /* Seclin_subtitle_EN.txt in Resources */,
				B3FC974717DCF164008E0D7C /* Abitare_Subtitle_EN.txt in Resources */,
				B3FC974817DCF164008E0D7C /* KYOH_subtitle_EN.txt in Resources */,
				B3FC974917DCF164008E0D7C /* ELTERN-AG_subtitles_EN.txt in Resources */,
				B3FC974A17DCF164008E0D7C /* nueva_subtitle_EN.txt in Resources */,
				B3FC974B17DCF164008E0D7C /* blueassist_subtitle_EN.txt in Resources */,
				B3FC974C17DCF164008E0D7C /* Humanitas-subtitle_EN.txt in Resources */,
				B3FC974D17DCF164008E0D7C /* place de bleu_subtitle_EN.txt in Resources */,
				B3FC974E17DCF164008E0D7C /* real pearl_subtitle_EN.txt in Resources */,
				B3FC974F17DCF164008E0D7C /* CIL_subtitle_EN.txt in Resources */,
				B3FC975017DCF164008E0D7C /* GPE_subtitle_EN.txt in Resources */,
				B3FC975117DCF164008E0D7C /* mobile-health_subtitle_EN.txt in Resources */,
				B3FC975217DCF164008E0D7C /* Mom'artre_subtitle_EN.txt in Resources */,
				B30FE83617DDBAC700309997 /* Trailer_V4-mono.mp4 in Resources */,
				B35E288717E1CACF00D4E2B0 /* mobile health_german.txt in Resources */,
				B35E288817E1CACF00D4E2B0 /* GPE_german.txt in Resources */,
				B35E288917E1CACF00D4E2B0 /* Vitality_german.txt in Resources */,
				B35E288A17E1CACF00D4E2B0 /* Ammerudhjemmet_german.txt in Resources */,
				B35E288B17E1CACF00D4E2B0 /* ESD_german.txt in Resources */,
				B35E288C17E1CACF00D4E2B0 /* blue assist_german.txt in Resources */,
				B35E288D17E1CACF00D4E2B0 /* Momartre_german.txt in Resources */,
				B35E289D17E1EFDD00D4E2B0 /* INNOSERV_Flyer_2013_P2.png in Resources */,
				B35E289E17E1EFDD00D4E2B0 /* INNOSERV_Flyer_2013_P1.png in Resources */,
				B35E28A017E2057F00D4E2B0 /* Default-Landscape~ipad.png in Resources */,
			);
			runOnlyForDeploymentPostprocessing = 0;
		};
/* End PBXResourcesBuildPhase section */

/* Begin PBXSourcesBuildPhase section */
		B3B8BBA916C13C8E0019CD28 /* Sources */ = {
			isa = PBXSourcesBuildPhase;
			buildActionMask = 2147483647;
			files = (
				B3B8BBBE16C13C8E0019CD28 /* main.m in Sources */,
				B3B8BBC216C13C8E0019CD28 /* AppDelegate.m in Sources */,
				B3B8BBCE16C13C8E0019CD28 /* MasterViewController.m in Sources */,
				B3B8BBD116C13C8E0019CD28 /* DetailViewController.m in Sources */,
				B3B8BBD916C1424A0019CD28 /* ProjectListItem.m in Sources */,
				B3B8BBDC16C160A70019CD28 /* CustomCell.m in Sources */,
				B3996A0F16DCFD9900BC65DC /* iPhoneFirstViewController.m in Sources */,
				B32E2CD31714A17D00F17039 /* iPhoneDetailViewController.m in Sources */,
				B37077651727E80A009946A9 /* iPadMorePageViewController.m in Sources */,
				B370776817280D7F009946A9 /* iPadAboutViewController.m in Sources */,
				B304131617C237810032150C /* ProjectData.m in Sources */,
				B32F5AEE17C39D5000D46EE1 /* SrtData.m in Sources */,
				B32F5AEF17C39D5000D46EE1 /* SrtParser.m in Sources */,
				B33DDECE17C4B42E005C0D15 /* ProjectDataFR.m in Sources */,
				B3F249F917C7C47D00213A7D /* iPhoneVideoViewController.m in Sources */,
				B3FB6F5A17CB55CD00D22288 /* FirstScreenViewController.m in Sources */,
				B3FB6F6117CBB4F200D22288 /* AboutPagesViewController.m in Sources */,
				B3FB6F6417CBB61A00D22288 /* AboutPage1ViewController.m in Sources */,
				B3FB6F6717CBB62C00D22288 /* AboutPage2ViewController.m in Sources */,
				B3FB6F9F17CBE04300D22288 /* aboutPageContainerViewController.m in Sources */,
				B3F7C4EB17CCD92A00EAEF1E /* AboutPage3ViewController.m in Sources */,
				B3F7C4EE17CCD94D00EAEF1E /* AboutPage4ViewController.m in Sources */,
				B31E335517CDFD5300B61B25 /* ProjectDataDE.m in Sources */,
				B36C3EEC17D8BDA900C9A003 /* AboutPage5ViewController.m in Sources */,
				B35E289117E1E74700D4E2B0 /* AboutPagesIPAD1ViewController.m in Sources */,
				B35E289417E1E76C00D4E2B0 /* AboutPagesIPAD2ViewController.m in Sources */,
				B35E289717E1E79000D4E2B0 /* AboutPagesIPAD0ViewController.m in Sources */,
				B35E289A17E1E87900D4E2B0 /* AboutPagesContainerIPADViewController.m in Sources */,
			);
			runOnlyForDeploymentPostprocessing = 0;
		};
/* End PBXSourcesBuildPhase section */

/* Begin PBXVariantGroup section */
		B304131C17C248CF0032150C /* Localizable.strings */ = {
			isa = PBXVariantGroup;
			children = (
				B304131B17C248CF0032150C /* en */,
				B304131E17C24C820032150C /* fr */,
				B31E335717CE21DA00B61B25 /* de */,
			);
			name = Localizable.strings;
			sourceTree = "<group>";
		};
		B3B8BBBA16C13C8E0019CD28 /* InfoPlist.strings */ = {
			isa = PBXVariantGroup;
			children = (
				B3B8BBBB16C13C8E0019CD28 /* en */,
				B304131D17C24C820032150C /* fr */,
				B31E335617CE21D900B61B25 /* de */,
			);
			name = InfoPlist.strings;
			sourceTree = "<group>";
		};
		B3B8BBC916C13C8E0019CD28 /* iPadStoryboard.storyboard */ = {
			isa = PBXVariantGroup;
			children = (
				B3B8BBCA16C13C8E0019CD28 /* en */,
			);
			name = iPadStoryboard.storyboard;
			sourceTree = "<group>";
		};
/* End PBXVariantGroup section */

/* Begin XCBuildConfiguration section */
		B3B8BBD216C13C8E0019CD28 /* Debug */ = {
			isa = XCBuildConfiguration;
			buildSettings = {
				ALWAYS_SEARCH_USER_PATHS = NO;
				CLANG_CXX_LANGUAGE_STANDARD = "gnu++0x";
				CLANG_CXX_LIBRARY = "libc++";
				CLANG_ENABLE_OBJC_ARC = YES;
				CLANG_WARN_EMPTY_BODY = YES;
				CLANG_WARN__DUPLICATE_METHOD_MATCH = YES;
				CODE_SIGN_IDENTITY = "iPhone Developer";
				"CODE_SIGN_IDENTITY[sdk=iphoneos*]" = "iPhone Developer";
				COPY_PHASE_STRIP = NO;
				GCC_C_LANGUAGE_STANDARD = gnu99;
				GCC_DYNAMIC_NO_PIC = NO;
				GCC_OPTIMIZATION_LEVEL = 0;
				GCC_PREPROCESSOR_DEFINITIONS = (
					"DEBUG=1",
					"$(inherited)",
				);
				GCC_SYMBOLS_PRIVATE_EXTERN = NO;
				GCC_WARN_ABOUT_RETURN_TYPE = YES;
				GCC_WARN_UNINITIALIZED_AUTOS = YES;
				GCC_WARN_UNUSED_VARIABLE = YES;
				IPHONEOS_DEPLOYMENT_TARGET = 6.0;
				ONLY_ACTIVE_ARCH = YES;
				PROVISIONING_PROFILE = "";
				"PROVISIONING_PROFILE[sdk=iphoneos*]" = "";
				SDKROOT = iphoneos;
				TARGETED_DEVICE_FAMILY = 2;
			};
			name = Debug;
		};
		B3B8BBD316C13C8E0019CD28 /* Release */ = {
			isa = XCBuildConfiguration;
			buildSettings = {
				ALWAYS_SEARCH_USER_PATHS = NO;
				CLANG_CXX_LANGUAGE_STANDARD = "gnu++0x";
				CLANG_CXX_LIBRARY = "libc++";
				CLANG_ENABLE_OBJC_ARC = YES;
				CLANG_WARN_EMPTY_BODY = YES;
				CLANG_WARN__DUPLICATE_METHOD_MATCH = YES;
				CODE_SIGN_IDENTITY = "iPhone Developer";
				"CODE_SIGN_IDENTITY[sdk=iphoneos*]" = "iPhone Developer";
				COPY_PHASE_STRIP = YES;
				GCC_C_LANGUAGE_STANDARD = gnu99;
				GCC_WARN_ABOUT_RETURN_TYPE = YES;
				GCC_WARN_UNINITIALIZED_AUTOS = YES;
				GCC_WARN_UNUSED_VARIABLE = YES;
				IPHONEOS_DEPLOYMENT_TARGET = 6.0;
				OTHER_CFLAGS = "-DNS_BLOCK_ASSERTIONS=1";
				PROVISIONING_PROFILE = "";
				"PROVISIONING_PROFILE[sdk=iphoneos*]" = "";
				SDKROOT = iphoneos;
				TARGETED_DEVICE_FAMILY = 2;
				VALIDATE_PRODUCT = YES;
			};
			name = Release;
		};
		B3B8BBD516C13C8E0019CD28 /* Debug */ = {
			isa = XCBuildConfiguration;
			buildSettings = {
				CODE_SIGN_IDENTITY = "iPhone Distribution: RedCom";
				"CODE_SIGN_IDENTITY[sdk=iphoneos*]" = "iPhone Distribution: RedCom";
				GCC_PRECOMPILE_PREFIX_HEADER = YES;
				GCC_PREFIX_HEADER = "testSplitView/Innoserv-Prefix.pch";
				INFOPLIST_FILE = "testSplitView/Innoserv-Info.plist";
				IPHONEOS_DEPLOYMENT_TARGET = 6.0;
				PRODUCT_NAME = INNOSERV;
				PROVISIONING_PROFILE = "36B04568-0811-44BF-9F80-59ACD5F509CD";
				"PROVISIONING_PROFILE[sdk=iphoneos*]" = "36B04568-0811-44BF-9F80-59ACD5F509CD";
				TARGETED_DEVICE_FAMILY = "1,2";
				WRAPPER_EXTENSION = app;
			};
			name = Debug;
		};
		B3B8BBD616C13C8E0019CD28 /* Release */ = {
			isa = XCBuildConfiguration;
			buildSettings = {
				CODE_SIGN_IDENTITY = "iPhone Distribution: RedCom";
				"CODE_SIGN_IDENTITY[sdk=iphoneos*]" = "iPhone Distribution: RedCom";
				GCC_PRECOMPILE_PREFIX_HEADER = YES;
				GCC_PREFIX_HEADER = "testSplitView/Innoserv-Prefix.pch";
				INFOPLIST_FILE = "testSplitView/Innoserv-Info.plist";
				IPHONEOS_DEPLOYMENT_TARGET = 6.0;
				PRODUCT_NAME = INNOSERV;
				PROVISIONING_PROFILE = "36B04568-0811-44BF-9F80-59ACD5F509CD";
				"PROVISIONING_PROFILE[sdk=iphoneos*]" = "36B04568-0811-44BF-9F80-59ACD5F509CD";
				TARGETED_DEVICE_FAMILY = "1,2";
				WRAPPER_EXTENSION = app;
			};
			name = Release;
		};
/* End XCBuildConfiguration section */

/* Begin XCConfigurationList section */
		B3B8BBA716C13C8E0019CD28 /* Build configuration list for PBXProject "Innoserv" */ = {
			isa = XCConfigurationList;
			buildConfigurations = (
				B3B8BBD216C13C8E0019CD28 /* Debug */,
				B3B8BBD316C13C8E0019CD28 /* Release */,
			);
			defaultConfigurationIsVisible = 0;
			defaultConfigurationName = Release;
		};
		B3B8BBD416C13C8E0019CD28 /* Build configuration list for PBXNativeTarget "Innoserv" */ = {
			isa = XCConfigurationList;
			buildConfigurations = (
				B3B8BBD516C13C8E0019CD28 /* Debug */,
				B3B8BBD616C13C8E0019CD28 /* Release */,
			);
			defaultConfigurationIsVisible = 0;
			defaultConfigurationName = Release;
		};
/* End XCConfigurationList section */
	};
	rootObject = B3B8BBA416C13C8E0019CD28 /* Project object */;
}
